// !$*UTF8*$!
{
	archiveVersion = 1;
	classes = {
	};
	objectVersion = 56;
	objects = {

/* Begin PBXBuildFile section */
		D060BA7E29DDAD9A00E10562 /* bjjtrackerApp.swift in Sources */ = {isa = PBXBuildFile; fileRef = D060BA7D29DDAD9A00E10562 /* bjjtrackerApp.swift */; };
		D060BA8029DDAD9A00E10562 /* ContentView.swift in Sources */ = {isa = PBXBuildFile; fileRef = D060BA7F29DDAD9A00E10562 /* ContentView.swift */; };
		D060BA8229DDAD9C00E10562 /* Assets.xcassets in Resources */ = {isa = PBXBuildFile; fileRef = D060BA8129DDAD9C00E10562 /* Assets.xcassets */; };
		D060BA8529DDAD9C00E10562 /* Preview Assets.xcassets in Resources */ = {isa = PBXBuildFile; fileRef = D060BA8429DDAD9C00E10562 /* Preview Assets.xcassets */; };
		D060BA8A29DDAD9C00E10562 /* bjjtracker.xcdatamodeld in Sources */ = {isa = PBXBuildFile; fileRef = D060BA8829DDAD9C00E10562 /* bjjtracker.xcdatamodeld */; };
		D060BA9529DDAD9C00E10562 /* bjjtrackerTests.swift in Sources */ = {isa = PBXBuildFile; fileRef = D060BA9429DDAD9C00E10562 /* bjjtrackerTests.swift */; };
		D060BA9F29DDAD9C00E10562 /* bjjtrackerUITests.swift in Sources */ = {isa = PBXBuildFile; fileRef = D060BA9E29DDAD9C00E10562 /* bjjtrackerUITests.swift */; };
		D060BAA129DDAD9C00E10562 /* bjjtrackerUITestsLaunchTests.swift in Sources */ = {isa = PBXBuildFile; fileRef = D060BAA029DDAD9C00E10562 /* bjjtrackerUITestsLaunchTests.swift */; };
		D0A00ECE29DDC9B100DCD5BB /* Activity.swift in Sources */ = {isa = PBXBuildFile; fileRef = D0A00ECD29DDC9B100DCD5BB /* Activity.swift */; };
		D0A00ED029DDCE7300DCD5BB /* Profile.swift in Sources */ = {isa = PBXBuildFile; fileRef = D0A00ECF29DDCE7300DCD5BB /* Profile.swift */; };
		D0A00ED429DDD2ED00DCD5BB /* CoreDataService.swift in Sources */ = {isa = PBXBuildFile; fileRef = D0A00ED329DDD2ED00DCD5BB /* CoreDataService.swift */; };
		D0A00ED629DDD7E400DCD5BB /* ActivitiesManager.swift in Sources */ = {isa = PBXBuildFile; fileRef = D0A00ED529DDD7E400DCD5BB /* ActivitiesManager.swift */; };
		D0A00ED929DDE3C600DCD5BB /* Session+extension.swift in Sources */ = {isa = PBXBuildFile; fileRef = D0A00ED829DDE3C600DCD5BB /* Session+extension.swift */; };
		D0E824B029DE03D80023E6C0 /* Dashboard.swift in Sources */ = {isa = PBXBuildFile; fileRef = D0E824AF29DE03D80023E6C0 /* Dashboard.swift */; };
		D0E824B229DE0BC50023E6C0 /* WeekCalendarView.swift in Sources */ = {isa = PBXBuildFile; fileRef = D0E824B129DE0BC50023E6C0 /* WeekCalendarView.swift */; };
		D0E824B429DE0F490023E6C0 /* View+extension.swift in Sources */ = {isa = PBXBuildFile; fileRef = D0E824B329DE0F490023E6C0 /* View+extension.swift */; };
		D0E824B629DE14060023E6C0 /* ActivityPanelView.swift in Sources */ = {isa = PBXBuildFile; fileRef = D0E824B529DE14060023E6C0 /* ActivityPanelView.swift */; };
		D0E824B829DEB1C20023E6C0 /* Calendar+extension.swift in Sources */ = {isa = PBXBuildFile; fileRef = D0E824B729DEB1C20023E6C0 /* Calendar+extension.swift */; };
		D0E824BB29DED00A0023E6C0 /* CustomTabBarView.swift in Sources */ = {isa = PBXBuildFile; fileRef = D0E824BA29DED00A0023E6C0 /* CustomTabBarView.swift */; };
/* End PBXBuildFile section */

/* Begin PBXContainerItemProxy section */
		D060BA9129DDAD9C00E10562 /* PBXContainerItemProxy */ = {
			isa = PBXContainerItemProxy;
			containerPortal = D060BA7229DDAD9A00E10562 /* Project object */;
			proxyType = 1;
			remoteGlobalIDString = D060BA7929DDAD9A00E10562;
			remoteInfo = bjjtracker;
		};
		D060BA9B29DDAD9C00E10562 /* PBXContainerItemProxy */ = {
			isa = PBXContainerItemProxy;
			containerPortal = D060BA7229DDAD9A00E10562 /* Project object */;
			proxyType = 1;
			remoteGlobalIDString = D060BA7929DDAD9A00E10562;
			remoteInfo = bjjtracker;
		};
/* End PBXContainerItemProxy section */

/* Begin PBXFileReference section */
		D060BA7A29DDAD9A00E10562 /* bjjtracker.app */ = {isa = PBXFileReference; explicitFileType = wrapper.application; includeInIndex = 0; path = bjjtracker.app; sourceTree = BUILT_PRODUCTS_DIR; };
		D060BA7D29DDAD9A00E10562 /* bjjtrackerApp.swift */ = {isa = PBXFileReference; lastKnownFileType = sourcecode.swift; path = bjjtrackerApp.swift; sourceTree = "<group>"; };
		D060BA7F29DDAD9A00E10562 /* ContentView.swift */ = {isa = PBXFileReference; lastKnownFileType = sourcecode.swift; path = ContentView.swift; sourceTree = "<group>"; };
		D060BA8129DDAD9C00E10562 /* Assets.xcassets */ = {isa = PBXFileReference; lastKnownFileType = folder.assetcatalog; path = Assets.xcassets; sourceTree = "<group>"; };
		D060BA8429DDAD9C00E10562 /* Preview Assets.xcassets */ = {isa = PBXFileReference; lastKnownFileType = folder.assetcatalog; path = "Preview Assets.xcassets"; sourceTree = "<group>"; };
		D060BA8929DDAD9C00E10562 /* bjjtracker.xcdatamodel */ = {isa = PBXFileReference; lastKnownFileType = wrapper.xcdatamodel; path = bjjtracker.xcdatamodel; sourceTree = "<group>"; };
		D060BA8B29DDAD9C00E10562 /* Info.plist */ = {isa = PBXFileReference; lastKnownFileType = text.plist.xml; path = Info.plist; sourceTree = "<group>"; };
		D060BA9029DDAD9C00E10562 /* bjjtrackerTests.xctest */ = {isa = PBXFileReference; explicitFileType = wrapper.cfbundle; includeInIndex = 0; path = bjjtrackerTests.xctest; sourceTree = BUILT_PRODUCTS_DIR; };
		D060BA9429DDAD9C00E10562 /* bjjtrackerTests.swift */ = {isa = PBXFileReference; lastKnownFileType = sourcecode.swift; path = bjjtrackerTests.swift; sourceTree = "<group>"; };
		D060BA9A29DDAD9C00E10562 /* bjjtrackerUITests.xctest */ = {isa = PBXFileReference; explicitFileType = wrapper.cfbundle; includeInIndex = 0; path = bjjtrackerUITests.xctest; sourceTree = BUILT_PRODUCTS_DIR; };
		D060BA9E29DDAD9C00E10562 /* bjjtrackerUITests.swift */ = {isa = PBXFileReference; lastKnownFileType = sourcecode.swift; path = bjjtrackerUITests.swift; sourceTree = "<group>"; };
		D060BAA029DDAD9C00E10562 /* bjjtrackerUITestsLaunchTests.swift */ = {isa = PBXFileReference; lastKnownFileType = sourcecode.swift; path = bjjtrackerUITestsLaunchTests.swift; sourceTree = "<group>"; };
		D0A00ECD29DDC9B100DCD5BB /* Activity.swift */ = {isa = PBXFileReference; lastKnownFileType = sourcecode.swift; path = Activity.swift; sourceTree = "<group>"; };
		D0A00ECF29DDCE7300DCD5BB /* Profile.swift */ = {isa = PBXFileReference; lastKnownFileType = sourcecode.swift; path = Profile.swift; sourceTree = "<group>"; };
		D0A00ED329DDD2ED00DCD5BB /* CoreDataService.swift */ = {isa = PBXFileReference; lastKnownFileType = sourcecode.swift; path = CoreDataService.swift; sourceTree = "<group>"; };
		D0A00ED529DDD7E400DCD5BB /* ActivitiesManager.swift */ = {isa = PBXFileReference; lastKnownFileType = sourcecode.swift; path = ActivitiesManager.swift; sourceTree = "<group>"; };
		D0A00ED829DDE3C600DCD5BB /* Session+extension.swift */ = {isa = PBXFileReference; lastKnownFileType = sourcecode.swift; path = "Session+extension.swift"; sourceTree = "<group>"; };
		D0E824AF29DE03D80023E6C0 /* Dashboard.swift */ = {isa = PBXFileReference; lastKnownFileType = sourcecode.swift; path = Dashboard.swift; sourceTree = "<group>"; };
		D0E824B129DE0BC50023E6C0 /* WeekCalendarView.swift */ = {isa = PBXFileReference; lastKnownFileType = sourcecode.swift; path = WeekCalendarView.swift; sourceTree = "<group>"; };
		D0E824B329DE0F490023E6C0 /* View+extension.swift */ = {isa = PBXFileReference; lastKnownFileType = sourcecode.swift; path = "View+extension.swift"; sourceTree = "<group>"; };
		D0E824B529DE14060023E6C0 /* ActivityPanelView.swift */ = {isa = PBXFileReference; lastKnownFileType = sourcecode.swift; path = ActivityPanelView.swift; sourceTree = "<group>"; };
		D0E824B729DEB1C20023E6C0 /* Calendar+extension.swift */ = {isa = PBXFileReference; lastKnownFileType = sourcecode.swift; path = "Calendar+extension.swift"; sourceTree = "<group>"; };
		D0E824BA29DED00A0023E6C0 /* CustomTabBarView.swift */ = {isa = PBXFileReference; lastKnownFileType = sourcecode.swift; path = CustomTabBarView.swift; sourceTree = "<group>"; };
/* End PBXFileReference section */

/* Begin PBXFrameworksBuildPhase section */
		D060BA7729DDAD9A00E10562 /* Frameworks */ = {
			isa = PBXFrameworksBuildPhase;
			buildActionMask = 2147483647;
			files = (
			);
			runOnlyForDeploymentPostprocessing = 0;
		};
		D060BA8D29DDAD9C00E10562 /* Frameworks */ = {
			isa = PBXFrameworksBuildPhase;
			buildActionMask = 2147483647;
			files = (
			);
			runOnlyForDeploymentPostprocessing = 0;
		};
		D060BA9729DDAD9C00E10562 /* Frameworks */ = {
			isa = PBXFrameworksBuildPhase;
			buildActionMask = 2147483647;
			files = (
			);
			runOnlyForDeploymentPostprocessing = 0;
		};
/* End PBXFrameworksBuildPhase section */

/* Begin PBXGroup section */
		D060BA7129DDAD9A00E10562 = {
			isa = PBXGroup;
			children = (
				D060BA7C29DDAD9A00E10562 /* bjjtracker */,
				D060BA9329DDAD9C00E10562 /* bjjtrackerTests */,
				D060BA9D29DDAD9C00E10562 /* bjjtrackerUITests */,
				D060BA7B29DDAD9A00E10562 /* Products */,
			);
			sourceTree = "<group>";
		};
		D060BA7B29DDAD9A00E10562 /* Products */ = {
			isa = PBXGroup;
			children = (
				D060BA7A29DDAD9A00E10562 /* bjjtracker.app */,
				D060BA9029DDAD9C00E10562 /* bjjtrackerTests.xctest */,
				D060BA9A29DDAD9C00E10562 /* bjjtrackerUITests.xctest */,
			);
			name = Products;
			sourceTree = "<group>";
		};
		D060BA7C29DDAD9A00E10562 /* bjjtracker */ = {
			isa = PBXGroup;
			children = (
				D0A00ED729DDE3B100DCD5BB /* Helpers */,
				D060BAAF29DDAE3C00E10562 /* Services */,
				D060BAAE29DDAE3700E10562 /* Views */,
				D060BAAD29DDAE1700E10562 /* Models */,
				D060BA7D29DDAD9A00E10562 /* bjjtrackerApp.swift */,
				D060BA8129DDAD9C00E10562 /* Assets.xcassets */,
				D060BA8B29DDAD9C00E10562 /* Info.plist */,
				D060BA8829DDAD9C00E10562 /* bjjtracker.xcdatamodeld */,
				D060BA8329DDAD9C00E10562 /* Preview Content */,
			);
			path = bjjtracker;
			sourceTree = "<group>";
		};
		D060BA8329DDAD9C00E10562 /* Preview Content */ = {
			isa = PBXGroup;
			children = (
				D060BA8429DDAD9C00E10562 /* Preview Assets.xcassets */,
			);
			path = "Preview Content";
			sourceTree = "<group>";
		};
		D060BA9329DDAD9C00E10562 /* bjjtrackerTests */ = {
			isa = PBXGroup;
			children = (
				D060BA9429DDAD9C00E10562 /* bjjtrackerTests.swift */,
			);
			path = bjjtrackerTests;
			sourceTree = "<group>";
		};
		D060BA9D29DDAD9C00E10562 /* bjjtrackerUITests */ = {
			isa = PBXGroup;
			children = (
				D060BA9E29DDAD9C00E10562 /* bjjtrackerUITests.swift */,
				D060BAA029DDAD9C00E10562 /* bjjtrackerUITestsLaunchTests.swift */,
			);
			path = bjjtrackerUITests;
			sourceTree = "<group>";
		};
		D060BAAD29DDAE1700E10562 /* Models */ = {
			isa = PBXGroup;
			children = (
				D0A00ECD29DDC9B100DCD5BB /* Activity.swift */,
				D0A00ECF29DDCE7300DCD5BB /* Profile.swift */,
			);
			path = Models;
			sourceTree = "<group>";
		};
		D060BAAE29DDAE3700E10562 /* Views */ = {
			isa = PBXGroup;
			children = (
				D0E824B929DECFF40023E6C0 /* TabBar */,
				D060BA7F29DDAD9A00E10562 /* ContentView.swift */,
				D060BAB329DDAE6C00E10562 /* Profile */,
				D060BAB229DDAE5F00E10562 /* Sessions */,
				D060BAB129DDAE5400E10562 /* Timetable */,
				D060BAB029DDAE4D00E10562 /* Dashboard */,
			);
			path = Views;
			sourceTree = "<group>";
		};
		D060BAAF29DDAE3C00E10562 /* Services */ = {
			isa = PBXGroup;
			children = (
				D0A00ED529DDD7E400DCD5BB /* ActivitiesManager.swift */,
				D0A00ED329DDD2ED00DCD5BB /* CoreDataService.swift */,
			);
			path = Services;
			sourceTree = "<group>";
		};
		D060BAB029DDAE4D00E10562 /* Dashboard */ = {
			isa = PBXGroup;
			children = (
				D0E824AF29DE03D80023E6C0 /* Dashboard.swift */,
				D0E824B129DE0BC50023E6C0 /* WeekCalendarView.swift */,
				D0E824B529DE14060023E6C0 /* ActivityPanelView.swift */,
			);
			path = Dashboard;
			sourceTree = "<group>";
		};
		D060BAB129DDAE5400E10562 /* Timetable */ = {
			isa = PBXGroup;
			children = (
			);
			path = Timetable;
			sourceTree = "<group>";
		};
		D060BAB229DDAE5F00E10562 /* Sessions */ = {
			isa = PBXGroup;
			children = (
			);
			path = Sessions;
			sourceTree = "<group>";
		};
		D060BAB329DDAE6C00E10562 /* Profile */ = {
			isa = PBXGroup;
			children = (
			);
			path = Profile;
			sourceTree = "<group>";
		};
		D0A00ED729DDE3B100DCD5BB /* Helpers */ = {
			isa = PBXGroup;
			children = (
				D0A00ED829DDE3C600DCD5BB /* Session+extension.swift */,
				D0E824B329DE0F490023E6C0 /* View+extension.swift */,
				D0E824B729DEB1C20023E6C0 /* Calendar+extension.swift */,
			);
			path = Helpers;
			sourceTree = "<group>";
		};
		D0E824B929DECFF40023E6C0 /* TabBar */ = {
			isa = PBXGroup;
			children = (
				D0E824BA29DED00A0023E6C0 /* CustomTabBarView.swift */,
			);
			path = TabBar;
			sourceTree = "<group>";
		};
/* End PBXGroup section */

/* Begin PBXNativeTarget section */
		D060BA7929DDAD9A00E10562 /* bjjtracker */ = {
			isa = PBXNativeTarget;
			buildConfigurationList = D060BAA429DDAD9C00E10562 /* Build configuration list for PBXNativeTarget "bjjtracker" */;
			buildPhases = (
				D060BA7629DDAD9A00E10562 /* Sources */,
				D060BA7729DDAD9A00E10562 /* Frameworks */,
				D060BA7829DDAD9A00E10562 /* Resources */,
			);
			buildRules = (
			);
			dependencies = (
			);
			name = bjjtracker;
			productName = bjjtracker;
			productReference = D060BA7A29DDAD9A00E10562 /* bjjtracker.app */;
			productType = "com.apple.product-type.application";
		};
		D060BA8F29DDAD9C00E10562 /* bjjtrackerTests */ = {
			isa = PBXNativeTarget;
			buildConfigurationList = D060BAA729DDAD9C00E10562 /* Build configuration list for PBXNativeTarget "bjjtrackerTests" */;
			buildPhases = (
				D060BA8C29DDAD9C00E10562 /* Sources */,
				D060BA8D29DDAD9C00E10562 /* Frameworks */,
				D060BA8E29DDAD9C00E10562 /* Resources */,
			);
			buildRules = (
			);
			dependencies = (
				D060BA9229DDAD9C00E10562 /* PBXTargetDependency */,
			);
			name = bjjtrackerTests;
			productName = bjjtrackerTests;
			productReference = D060BA9029DDAD9C00E10562 /* bjjtrackerTests.xctest */;
			productType = "com.apple.product-type.bundle.unit-test";
		};
		D060BA9929DDAD9C00E10562 /* bjjtrackerUITests */ = {
			isa = PBXNativeTarget;
			buildConfigurationList = D060BAAA29DDAD9C00E10562 /* Build configuration list for PBXNativeTarget "bjjtrackerUITests" */;
			buildPhases = (
				D060BA9629DDAD9C00E10562 /* Sources */,
				D060BA9729DDAD9C00E10562 /* Frameworks */,
				D060BA9829DDAD9C00E10562 /* Resources */,
			);
			buildRules = (
			);
			dependencies = (
				D060BA9C29DDAD9C00E10562 /* PBXTargetDependency */,
			);
			name = bjjtrackerUITests;
			productName = bjjtrackerUITests;
			productReference = D060BA9A29DDAD9C00E10562 /* bjjtrackerUITests.xctest */;
			productType = "com.apple.product-type.bundle.ui-testing";
		};
/* End PBXNativeTarget section */

/* Begin PBXProject section */
		D060BA7229DDAD9A00E10562 /* Project object */ = {
			isa = PBXProject;
			attributes = {
				BuildIndependentTargetsInParallel = 1;
				LastSwiftUpdateCheck = 1430;
				LastUpgradeCheck = 1430;
				TargetAttributes = {
					D060BA7929DDAD9A00E10562 = {
						CreatedOnToolsVersion = 14.3;
					};
					D060BA8F29DDAD9C00E10562 = {
						CreatedOnToolsVersion = 14.3;
						TestTargetID = D060BA7929DDAD9A00E10562;
					};
					D060BA9929DDAD9C00E10562 = {
						CreatedOnToolsVersion = 14.3;
						TestTargetID = D060BA7929DDAD9A00E10562;
					};
				};
			};
			buildConfigurationList = D060BA7529DDAD9A00E10562 /* Build configuration list for PBXProject "bjjtracker" */;
			compatibilityVersion = "Xcode 14.0";
			developmentRegion = en;
			hasScannedForEncodings = 0;
			knownRegions = (
				en,
				Base,
				uk,
			);
			mainGroup = D060BA7129DDAD9A00E10562;
			productRefGroup = D060BA7B29DDAD9A00E10562 /* Products */;
			projectDirPath = "";
			projectRoot = "";
			targets = (
				D060BA7929DDAD9A00E10562 /* bjjtracker */,
				D060BA8F29DDAD9C00E10562 /* bjjtrackerTests */,
				D060BA9929DDAD9C00E10562 /* bjjtrackerUITests */,
			);
		};
/* End PBXProject section */

/* Begin PBXResourcesBuildPhase section */
		D060BA7829DDAD9A00E10562 /* Resources */ = {
			isa = PBXResourcesBuildPhase;
			buildActionMask = 2147483647;
			files = (
				D060BA8529DDAD9C00E10562 /* Preview Assets.xcassets in Resources */,
				D060BA8229DDAD9C00E10562 /* Assets.xcassets in Resources */,
			);
			runOnlyForDeploymentPostprocessing = 0;
		};
		D060BA8E29DDAD9C00E10562 /* Resources */ = {
			isa = PBXResourcesBuildPhase;
			buildActionMask = 2147483647;
			files = (
			);
			runOnlyForDeploymentPostprocessing = 0;
		};
		D060BA9829DDAD9C00E10562 /* Resources */ = {
			isa = PBXResourcesBuildPhase;
			buildActionMask = 2147483647;
			files = (
			);
			runOnlyForDeploymentPostprocessing = 0;
		};
/* End PBXResourcesBuildPhase section */

/* Begin PBXSourcesBuildPhase section */
		D060BA7629DDAD9A00E10562 /* Sources */ = {
			isa = PBXSourcesBuildPhase;
			buildActionMask = 2147483647;
			files = (
				D0A00ECE29DDC9B100DCD5BB /* Activity.swift in Sources */,
				D0A00ED029DDCE7300DCD5BB /* Profile.swift in Sources */,
				D0E824B629DE14060023E6C0 /* ActivityPanelView.swift in Sources */,
				D0E824B229DE0BC50023E6C0 /* WeekCalendarView.swift in Sources */,
				D0A00ED629DDD7E400DCD5BB /* ActivitiesManager.swift in Sources */,
				D0A00ED429DDD2ED00DCD5BB /* CoreDataService.swift in Sources */,
				D0E824B029DE03D80023E6C0 /* Dashboard.swift in Sources */,
				D0E824BB29DED00A0023E6C0 /* CustomTabBarView.swift in Sources */,
				D060BA8A29DDAD9C00E10562 /* bjjtracker.xcdatamodeld in Sources */,
				D0E824B429DE0F490023E6C0 /* View+extension.swift in Sources */,
				D060BA8029DDAD9A00E10562 /* ContentView.swift in Sources */,
				D0E824B829DEB1C20023E6C0 /* Calendar+extension.swift in Sources */,
				D0A00ED929DDE3C600DCD5BB /* Session+extension.swift in Sources */,
				D060BA7E29DDAD9A00E10562 /* bjjtrackerApp.swift in Sources */,
			);
			runOnlyForDeploymentPostprocessing = 0;
		};
		D060BA8C29DDAD9C00E10562 /* Sources */ = {
			isa = PBXSourcesBuildPhase;
			buildActionMask = 2147483647;
			files = (
				D060BA9529DDAD9C00E10562 /* bjjtrackerTests.swift in Sources */,
			);
			runOnlyForDeploymentPostprocessing = 0;
		};
		D060BA9629DDAD9C00E10562 /* Sources */ = {
			isa = PBXSourcesBuildPhase;
			buildActionMask = 2147483647;
			files = (
				D060BAA129DDAD9C00E10562 /* bjjtrackerUITestsLaunchTests.swift in Sources */,
				D060BA9F29DDAD9C00E10562 /* bjjtrackerUITests.swift in Sources */,
			);
			runOnlyForDeploymentPostprocessing = 0;
		};
/* End PBXSourcesBuildPhase section */

/* Begin PBXTargetDependency section */
		D060BA9229DDAD9C00E10562 /* PBXTargetDependency */ = {
			isa = PBXTargetDependency;
			target = D060BA7929DDAD9A00E10562 /* bjjtracker */;
			targetProxy = D060BA9129DDAD9C00E10562 /* PBXContainerItemProxy */;
		};
		D060BA9C29DDAD9C00E10562 /* PBXTargetDependency */ = {
			isa = PBXTargetDependency;
			target = D060BA7929DDAD9A00E10562 /* bjjtracker */;
			targetProxy = D060BA9B29DDAD9C00E10562 /* PBXContainerItemProxy */;
		};
/* End PBXTargetDependency section */

/* Begin XCBuildConfiguration section */
		D060BAA229DDAD9C00E10562 /* Debug */ = {
			isa = XCBuildConfiguration;
			buildSettings = {
				ALWAYS_SEARCH_USER_PATHS = NO;
				CLANG_ANALYZER_NONNULL = YES;
				CLANG_ANALYZER_NUMBER_OBJECT_CONVERSION = YES_AGGRESSIVE;
				CLANG_CXX_LANGUAGE_STANDARD = "gnu++20";
				CLANG_ENABLE_MODULES = YES;
				CLANG_ENABLE_OBJC_ARC = YES;
				CLANG_ENABLE_OBJC_WEAK = YES;
				CLANG_WARN_BLOCK_CAPTURE_AUTORELEASING = YES;
				CLANG_WARN_BOOL_CONVERSION = YES;
				CLANG_WARN_COMMA = YES;
				CLANG_WARN_CONSTANT_CONVERSION = YES;
				CLANG_WARN_DEPRECATED_OBJC_IMPLEMENTATIONS = YES;
				CLANG_WARN_DIRECT_OBJC_ISA_USAGE = YES_ERROR;
				CLANG_WARN_DOCUMENTATION_COMMENTS = YES;
				CLANG_WARN_EMPTY_BODY = YES;
				CLANG_WARN_ENUM_CONVERSION = YES;
				CLANG_WARN_INFINITE_RECURSION = YES;
				CLANG_WARN_INT_CONVERSION = YES;
				CLANG_WARN_NON_LITERAL_NULL_CONVERSION = YES;
				CLANG_WARN_OBJC_IMPLICIT_RETAIN_SELF = YES;
				CLANG_WARN_OBJC_LITERAL_CONVERSION = YES;
				CLANG_WARN_OBJC_ROOT_CLASS = YES_ERROR;
				CLANG_WARN_QUOTED_INCLUDE_IN_FRAMEWORK_HEADER = YES;
				CLANG_WARN_RANGE_LOOP_ANALYSIS = YES;
				CLANG_WARN_STRICT_PROTOTYPES = YES;
				CLANG_WARN_SUSPICIOUS_MOVE = YES;
				CLANG_WARN_UNGUARDED_AVAILABILITY = YES_AGGRESSIVE;
				CLANG_WARN_UNREACHABLE_CODE = YES;
				CLANG_WARN__DUPLICATE_METHOD_MATCH = YES;
				COPY_PHASE_STRIP = NO;
				DEBUG_INFORMATION_FORMAT = dwarf;
				ENABLE_STRICT_OBJC_MSGSEND = YES;
				ENABLE_TESTABILITY = YES;
				GCC_C_LANGUAGE_STANDARD = gnu11;
				GCC_DYNAMIC_NO_PIC = NO;
				GCC_NO_COMMON_BLOCKS = YES;
				GCC_OPTIMIZATION_LEVEL = 0;
				GCC_PREPROCESSOR_DEFINITIONS = (
					"DEBUG=1",
					"$(inherited)",
				);
				GCC_WARN_64_TO_32_BIT_CONVERSION = YES;
				GCC_WARN_ABOUT_RETURN_TYPE = YES_ERROR;
				GCC_WARN_UNDECLARED_SELECTOR = YES;
				GCC_WARN_UNINITIALIZED_AUTOS = YES_AGGRESSIVE;
				GCC_WARN_UNUSED_FUNCTION = YES;
				GCC_WARN_UNUSED_VARIABLE = YES;
				IPHONEOS_DEPLOYMENT_TARGET = 14.0;
				MTL_ENABLE_DEBUG_INFO = INCLUDE_SOURCE;
				MTL_FAST_MATH = YES;
				ONLY_ACTIVE_ARCH = YES;
				SDKROOT = iphoneos;
				SWIFT_ACTIVE_COMPILATION_CONDITIONS = DEBUG;
				SWIFT_OPTIMIZATION_LEVEL = "-Onone";
			};
			name = Debug;
		};
		D060BAA329DDAD9C00E10562 /* Release */ = {
			isa = XCBuildConfiguration;
			buildSettings = {
				ALWAYS_SEARCH_USER_PATHS = NO;
				CLANG_ANALYZER_NONNULL = YES;
				CLANG_ANALYZER_NUMBER_OBJECT_CONVERSION = YES_AGGRESSIVE;
				CLANG_CXX_LANGUAGE_STANDARD = "gnu++20";
				CLANG_ENABLE_MODULES = YES;
				CLANG_ENABLE_OBJC_ARC = YES;
				CLANG_ENABLE_OBJC_WEAK = YES;
				CLANG_WARN_BLOCK_CAPTURE_AUTORELEASING = YES;
				CLANG_WARN_BOOL_CONVERSION = YES;
				CLANG_WARN_COMMA = YES;
				CLANG_WARN_CONSTANT_CONVERSION = YES;
				CLANG_WARN_DEPRECATED_OBJC_IMPLEMENTATIONS = YES;
				CLANG_WARN_DIRECT_OBJC_ISA_USAGE = YES_ERROR;
				CLANG_WARN_DOCUMENTATION_COMMENTS = YES;
				CLANG_WARN_EMPTY_BODY = YES;
				CLANG_WARN_ENUM_CONVERSION = YES;
				CLANG_WARN_INFINITE_RECURSION = YES;
				CLANG_WARN_INT_CONVERSION = YES;
				CLANG_WARN_NON_LITERAL_NULL_CONVERSION = YES;
				CLANG_WARN_OBJC_IMPLICIT_RETAIN_SELF = YES;
				CLANG_WARN_OBJC_LITERAL_CONVERSION = YES;
				CLANG_WARN_OBJC_ROOT_CLASS = YES_ERROR;
				CLANG_WARN_QUOTED_INCLUDE_IN_FRAMEWORK_HEADER = YES;
				CLANG_WARN_RANGE_LOOP_ANALYSIS = YES;
				CLANG_WARN_STRICT_PROTOTYPES = YES;
				CLANG_WARN_SUSPICIOUS_MOVE = YES;
				CLANG_WARN_UNGUARDED_AVAILABILITY = YES_AGGRESSIVE;
				CLANG_WARN_UNREACHABLE_CODE = YES;
				CLANG_WARN__DUPLICATE_METHOD_MATCH = YES;
				COPY_PHASE_STRIP = NO;
				DEBUG_INFORMATION_FORMAT = "dwarf-with-dsym";
				ENABLE_NS_ASSERTIONS = NO;
				ENABLE_STRICT_OBJC_MSGSEND = YES;
				GCC_C_LANGUAGE_STANDARD = gnu11;
				GCC_NO_COMMON_BLOCKS = YES;
				GCC_WARN_64_TO_32_BIT_CONVERSION = YES;
				GCC_WARN_ABOUT_RETURN_TYPE = YES_ERROR;
				GCC_WARN_UNDECLARED_SELECTOR = YES;
				GCC_WARN_UNINITIALIZED_AUTOS = YES_AGGRESSIVE;
				GCC_WARN_UNUSED_FUNCTION = YES;
				GCC_WARN_UNUSED_VARIABLE = YES;
				IPHONEOS_DEPLOYMENT_TARGET = 14.0;
				MTL_ENABLE_DEBUG_INFO = NO;
				MTL_FAST_MATH = YES;
				SDKROOT = iphoneos;
				SWIFT_COMPILATION_MODE = wholemodule;
				SWIFT_OPTIMIZATION_LEVEL = "-O";
				VALIDATE_PRODUCT = YES;
			};
			name = Release;
		};
		D060BAA529DDAD9C00E10562 /* Debug */ = {
			isa = XCBuildConfiguration;
			buildSettings = {
				ASSETCATALOG_COMPILER_APPICON_NAME = AppIcon;
				ASSETCATALOG_COMPILER_GLOBAL_ACCENT_COLOR_NAME = AccentColor;
				CODE_SIGN_STYLE = Automatic;
				CURRENT_PROJECT_VERSION = 1;
				DEVELOPMENT_ASSET_PATHS = "\"bjjtracker/Preview Content\"";
				DEVELOPMENT_TEAM = 6ATC97KQPU;
				ENABLE_PREVIEWS = YES;
				GENERATE_INFOPLIST_FILE = YES;
				INFOPLIST_FILE = bjjtracker/Info.plist;
				INFOPLIST_KEY_CFBundleDisplayName = "BJJ Tracker";
				INFOPLIST_KEY_LSApplicationCategoryType = "public.app-category.healthcare-fitness";
				INFOPLIST_KEY_UIApplicationSceneManifest_Generation = YES;
				INFOPLIST_KEY_UIApplicationSupportsIndirectInputEvents = YES;
				INFOPLIST_KEY_UISupportedInterfaceOrientations = UIInterfaceOrientationPortrait;
				IPHONEOS_DEPLOYMENT_TARGET = 14.0;
				LD_RUNPATH_SEARCH_PATHS = (
					"$(inherited)",
					"@executable_path/Frameworks",
				);
				MARKETING_VERSION = 1.0;
				PRODUCT_BUNDLE_IDENTIFIER = com.hotcode.bjjtracker;
				PRODUCT_NAME = "$(TARGET_NAME)";
				SUPPORTED_PLATFORMS = "iphoneos iphonesimulator";
				SUPPORTS_MACCATALYST = NO;
				SUPPORTS_MAC_DESIGNED_FOR_IPHONE_IPAD = NO;
				SWIFT_EMIT_LOC_STRINGS = YES;
				SWIFT_VERSION = 5.0;
				TARGETED_DEVICE_FAMILY = "1,2";
			};
			name = Debug;
		};
		D060BAA629DDAD9C00E10562 /* Release */ = {
			isa = XCBuildConfiguration;
			buildSettings = {
				ASSETCATALOG_COMPILER_APPICON_NAME = AppIcon;
				ASSETCATALOG_COMPILER_GLOBAL_ACCENT_COLOR_NAME = AccentColor;
				CODE_SIGN_STYLE = Automatic;
				CURRENT_PROJECT_VERSION = 1;
				DEVELOPMENT_ASSET_PATHS = "\"bjjtracker/Preview Content\"";
				DEVELOPMENT_TEAM = 6ATC97KQPU;
				ENABLE_PREVIEWS = YES;
				GENERATE_INFOPLIST_FILE = YES;
				INFOPLIST_FILE = bjjtracker/Info.plist;
				INFOPLIST_KEY_CFBundleDisplayName = "BJJ Tracker";
				INFOPLIST_KEY_LSApplicationCategoryType = "public.app-category.healthcare-fitness";
				INFOPLIST_KEY_UIApplicationSceneManifest_Generation = YES;
				INFOPLIST_KEY_UIApplicationSupportsIndirectInputEvents = YES;
				INFOPLIST_KEY_UISupportedInterfaceOrientations = UIInterfaceOrientationPortrait;
				IPHONEOS_DEPLOYMENT_TARGET = 14.0;
				LD_RUNPATH_SEARCH_PATHS = (
					"$(inherited)",
					"@executable_path/Frameworks",
				);
				MARKETING_VERSION = 1.0;
				PRODUCT_BUNDLE_IDENTIFIER = com.hotcode.bjjtracker;
				PRODUCT_NAME = "$(TARGET_NAME)";
				SUPPORTED_PLATFORMS = "iphoneos iphonesimulator";
				SUPPORTS_MACCATALYST = NO;
				SUPPORTS_MAC_DESIGNED_FOR_IPHONE_IPAD = NO;
				SWIFT_EMIT_LOC_STRINGS = YES;
				SWIFT_VERSION = 5.0;
				TARGETED_DEVICE_FAMILY = "1,2";
			};
			name = Release;
		};
		D060BAA829DDAD9C00E10562 /* Debug */ = {
			isa = XCBuildConfiguration;
			buildSettings = {
				ALWAYS_EMBED_SWIFT_STANDARD_LIBRARIES = YES;
				BUNDLE_LOADER = "$(TEST_HOST)";
				CODE_SIGN_STYLE = Automatic;
				CURRENT_PROJECT_VERSION = 1;
				DEVELOPMENT_TEAM = 6ATC97KQPU;
				GENERATE_INFOPLIST_FILE = YES;
				IPHONEOS_DEPLOYMENT_TARGET = 16.4;
				MARKETING_VERSION = 1.0;
				PRODUCT_BUNDLE_IDENTIFIER = com.hotcode.bjjtrackerTests;
				PRODUCT_NAME = "$(TARGET_NAME)";
				SUPPORTED_PLATFORMS = "iphoneos iphonesimulator";
				SUPPORTS_MACCATALYST = NO;
				SUPPORTS_MAC_DESIGNED_FOR_IPHONE_IPAD = YES;
				SWIFT_EMIT_LOC_STRINGS = NO;
				SWIFT_VERSION = 5.0;
				TARGETED_DEVICE_FAMILY = "1,2";
				TEST_HOST = "$(BUILT_PRODUCTS_DIR)/bjjtracker.app/$(BUNDLE_EXECUTABLE_FOLDER_PATH)/bjjtracker";
			};
			name = Debug;
		};
		D060BAA929DDAD9C00E10562 /* Release */ = {
			isa = XCBuildConfiguration;
			buildSettings = {
				ALWAYS_EMBED_SWIFT_STANDARD_LIBRARIES = YES;
				BUNDLE_LOADER = "$(TEST_HOST)";
				CODE_SIGN_STYLE = Automatic;
				CURRENT_PROJECT_VERSION = 1;
				DEVELOPMENT_TEAM = 6ATC97KQPU;
				GENERATE_INFOPLIST_FILE = YES;
				IPHONEOS_DEPLOYMENT_TARGET = 16.4;
				MARKETING_VERSION = 1.0;
				PRODUCT_BUNDLE_IDENTIFIER = com.hotcode.bjjtrackerTests;
				PRODUCT_NAME = "$(TARGET_NAME)";
				SUPPORTED_PLATFORMS = "iphoneos iphonesimulator";
				SUPPORTS_MACCATALYST = NO;
				SUPPORTS_MAC_DESIGNED_FOR_IPHONE_IPAD = YES;
				SWIFT_EMIT_LOC_STRINGS = NO;
				SWIFT_VERSION = 5.0;
				TARGETED_DEVICE_FAMILY = "1,2";
				TEST_HOST = "$(BUILT_PRODUCTS_DIR)/bjjtracker.app/$(BUNDLE_EXECUTABLE_FOLDER_PATH)/bjjtracker";
			};
			name = Release;
		};
		D060BAAB29DDAD9C00E10562 /* Debug */ = {
			isa = XCBuildConfiguration;
			buildSettings = {
				ALWAYS_EMBED_SWIFT_STANDARD_LIBRARIES = YES;
				CODE_SIGN_STYLE = Automatic;
				CURRENT_PROJECT_VERSION = 1;
				DEVELOPMENT_TEAM = 6ATC97KQPU;
				GENERATE_INFOPLIST_FILE = YES;
				MARKETING_VERSION = 1.0;
				PRODUCT_BUNDLE_IDENTIFIER = com.hotcode.bjjtrackerUITests;
				PRODUCT_NAME = "$(TARGET_NAME)";
				SUPPORTED_PLATFORMS = "iphoneos iphonesimulator";
				SUPPORTS_MACCATALYST = NO;
				SUPPORTS_MAC_DESIGNED_FOR_IPHONE_IPAD = YES;
				SWIFT_EMIT_LOC_STRINGS = NO;
				SWIFT_VERSION = 5.0;
				TARGETED_DEVICE_FAMILY = "1,2";
				TEST_TARGET_NAME = bjjtracker;
			};
			name = Debug;
		};
		D060BAAC29DDAD9C00E10562 /* Release */ = {
			isa = XCBuildConfiguration;
			buildSettings = {
				ALWAYS_EMBED_SWIFT_STANDARD_LIBRARIES = YES;
				CODE_SIGN_STYLE = Automatic;
				CURRENT_PROJECT_VERSION = 1;
				DEVELOPMENT_TEAM = 6ATC97KQPU;
				GENERATE_INFOPLIST_FILE = YES;
				MARKETING_VERSION = 1.0;
				PRODUCT_BUNDLE_IDENTIFIER = com.hotcode.bjjtrackerUITests;
				PRODUCT_NAME = "$(TARGET_NAME)";
				SUPPORTED_PLATFORMS = "iphoneos iphonesimulator";
				SUPPORTS_MACCATALYST = NO;
				SUPPORTS_MAC_DESIGNED_FOR_IPHONE_IPAD = YES;
				SWIFT_EMIT_LOC_STRINGS = NO;
				SWIFT_VERSION = 5.0;
				TARGETED_DEVICE_FAMILY = "1,2";
				TEST_TARGET_NAME = bjjtracker;
			};
			name = Release;
		};
/* End XCBuildConfiguration section */

/* Begin XCConfigurationList section */
		D060BA7529DDAD9A00E10562 /* Build configuration list for PBXProject "bjjtracker" */ = {
			isa = XCConfigurationList;
			buildConfigurations = (
				D060BAA229DDAD9C00E10562 /* Debug */,
				D060BAA329DDAD9C00E10562 /* Release */,
			);
			defaultConfigurationIsVisible = 0;
			defaultConfigurationName = Release;
		};
		D060BAA429DDAD9C00E10562 /* Build configuration list for PBXNativeTarget "bjjtracker" */ = {
			isa = XCConfigurationList;
			buildConfigurations = (
				D060BAA529DDAD9C00E10562 /* Debug */,
				D060BAA629DDAD9C00E10562 /* Release */,
			);
			defaultConfigurationIsVisible = 0;
			defaultConfigurationName = Release;
		};
		D060BAA729DDAD9C00E10562 /* Build configuration list for PBXNativeTarget "bjjtrackerTests" */ = {
			isa = XCConfigurationList;
			buildConfigurations = (
				D060BAA829DDAD9C00E10562 /* Debug */,
				D060BAA929DDAD9C00E10562 /* Release */,
			);
			defaultConfigurationIsVisible = 0;
			defaultConfigurationName = Release;
		};
		D060BAAA29DDAD9C00E10562 /* Build configuration list for PBXNativeTarget "bjjtrackerUITests" */ = {
			isa = XCConfigurationList;
			buildConfigurations = (
				D060BAAB29DDAD9C00E10562 /* Debug */,
				D060BAAC29DDAD9C00E10562 /* Release */,
			);
			defaultConfigurationIsVisible = 0;
			defaultConfigurationName = Release;
		};
/* End XCConfigurationList section */

/* Begin XCVersionGroup section */
		D060BA8829DDAD9C00E10562 /* bjjtracker.xcdatamodeld */ = {
			isa = XCVersionGroup;
			children = (
				D060BA8929DDAD9C00E10562 /* bjjtracker.xcdatamodel */,
			);
			currentVersion = D060BA8929DDAD9C00E10562 /* bjjtracker.xcdatamodel */;
			path = bjjtracker.xcdatamodeld;
			sourceTree = "<group>";
			versionGroupType = wrapper.xcdatamodel;
		};
/* End XCVersionGroup section */
	};
	rootObject = D060BA7229DDAD9A00E10562 /* Project object */;
}
