// !$*UTF8*$!
{
	archiveVersion = 1;
	classes = {
	};
	objectVersion = 56;
	objects = {

/* Begin PBXBuildFile section */
		28284A122750E393258D2C2E /* Pods_bjjtrackerTests.framework in Frameworks */ = {isa = PBXBuildFile; fileRef = 9037FD7FEFB2A4EB717067A1 /* Pods_bjjtrackerTests.framework */; };
		B83609C4E70DC8C8C87952CC /* Pods_bjjtracker_bjjtrackerUITests.framework in Frameworks */ = {isa = PBXBuildFile; fileRef = AEC3F419E5ED87566876E444 /* Pods_bjjtracker_bjjtrackerUITests.framework */; };
		D02F3DDD29E726E600BED6CD /* InfographicsView.swift in Sources */ = {isa = PBXBuildFile; fileRef = D02F3DDC29E726E600BED6CD /* InfographicsView.swift */; };
		D02F3DDF29E7276700BED6CD /* PieSliceView.swift in Sources */ = {isa = PBXBuildFile; fileRef = D02F3DDE29E7276700BED6CD /* PieSliceView.swift */; };
		D02F3DE229E7291F00BED6CD /* PieChartView.swift in Sources */ = {isa = PBXBuildFile; fileRef = D02F3DE129E7291F00BED6CD /* PieChartView.swift */; };
		D02F3DE629E8592000BED6CD /* DraggableCalendarView.swift in Sources */ = {isa = PBXBuildFile; fileRef = D02F3DE529E8592000BED6CD /* DraggableCalendarView.swift */; };
		D02F3DE829EEBD9300BED6CD /* ProfileView.swift in Sources */ = {isa = PBXBuildFile; fileRef = D02F3DE729EEBD9300BED6CD /* ProfileView.swift */; };
		D02F3DEB29EEE80100BED6CD /* ArchiveView.swift in Sources */ = {isa = PBXBuildFile; fileRef = D02F3DEA29EEE80100BED6CD /* ArchiveView.swift */; };
		D02F3DED29EFFB3C00BED6CD /* MonthYearPicker.swift in Sources */ = {isa = PBXBuildFile; fileRef = D02F3DEC29EFFB3C00BED6CD /* MonthYearPicker.swift */; };
		D02F3DEF29F0204200BED6CD /* MonthYearBottomSheetView.swift in Sources */ = {isa = PBXBuildFile; fileRef = D02F3DEE29F0204200BED6CD /* MonthYearBottomSheetView.swift */; };
		D060BA7E29DDAD9A00E10562 /* bjjtrackerApp.swift in Sources */ = {isa = PBXBuildFile; fileRef = D060BA7D29DDAD9A00E10562 /* bjjtrackerApp.swift */; };
		D060BA8029DDAD9A00E10562 /* ContentView.swift in Sources */ = {isa = PBXBuildFile; fileRef = D060BA7F29DDAD9A00E10562 /* ContentView.swift */; };
		D060BA8229DDAD9C00E10562 /* Assets.xcassets in Resources */ = {isa = PBXBuildFile; fileRef = D060BA8129DDAD9C00E10562 /* Assets.xcassets */; };
		D060BA8529DDAD9C00E10562 /* Preview Assets.xcassets in Resources */ = {isa = PBXBuildFile; fileRef = D060BA8429DDAD9C00E10562 /* Preview Assets.xcassets */; };
		D060BA8A29DDAD9C00E10562 /* bjjtracker.xcdatamodeld in Sources */ = {isa = PBXBuildFile; fileRef = D060BA8829DDAD9C00E10562 /* bjjtracker.xcdatamodeld */; };
		D060BA9529DDAD9C00E10562 /* bjjtrackerTests.swift in Sources */ = {isa = PBXBuildFile; fileRef = D060BA9429DDAD9C00E10562 /* bjjtrackerTests.swift */; };
		D060BA9F29DDAD9C00E10562 /* bjjtrackerUITests.swift in Sources */ = {isa = PBXBuildFile; fileRef = D060BA9E29DDAD9C00E10562 /* bjjtrackerUITests.swift */; };
		D060BAA129DDAD9C00E10562 /* bjjtrackerUITestsLaunchTests.swift in Sources */ = {isa = PBXBuildFile; fileRef = D060BAA029DDAD9C00E10562 /* bjjtrackerUITestsLaunchTests.swift */; };
		D098BBE129E0947B00A9A068 /* CalendarDayViews.swift in Sources */ = {isa = PBXBuildFile; fileRef = D098BBE029E0947B00A9A068 /* CalendarDayViews.swift */; };
		D098BBE529E0CE3300A9A068 /* StatsPanelsView.swift in Sources */ = {isa = PBXBuildFile; fileRef = D098BBE429E0CE3300A9A068 /* StatsPanelsView.swift */; };
		D098BBE729E0D1DE00A9A068 /* NewSessionView.swift in Sources */ = {isa = PBXBuildFile; fileRef = D098BBE629E0D1DE00A9A068 /* NewSessionView.swift */; };
		D098BBEA29E1A15C00A9A068 /* DurationPicker.swift in Sources */ = {isa = PBXBuildFile; fileRef = D098BBE929E1A15C00A9A068 /* DurationPicker.swift */; };
		D098BBEE29E2C16600A9A068 /* AddPromotionView.swift in Sources */ = {isa = PBXBuildFile; fileRef = D098BBED29E2C16600A9A068 /* AddPromotionView.swift */; };
		D098BBF129E2C1AF00A9A068 /* SelectionPanelView.swift in Sources */ = {isa = PBXBuildFile; fileRef = D098BBF029E2C1AF00A9A068 /* SelectionPanelView.swift */; };
		D098BBF329E2C2FA00A9A068 /* Promotion.swift in Sources */ = {isa = PBXBuildFile; fileRef = D098BBF229E2C2FA00A9A068 /* Promotion.swift */; };
		D098BBF529E2EB3000A9A068 /* BeltsListView.swift in Sources */ = {isa = PBXBuildFile; fileRef = D098BBF429E2EB3000A9A068 /* BeltsListView.swift */; };
		D0A00ECE29DDC9B100DCD5BB /* Activity.swift in Sources */ = {isa = PBXBuildFile; fileRef = D0A00ECD29DDC9B100DCD5BB /* Activity.swift */; };
		D0A00ED029DDCE7300DCD5BB /* Profile.swift in Sources */ = {isa = PBXBuildFile; fileRef = D0A00ECF29DDCE7300DCD5BB /* Profile.swift */; };
		D0A00ED429DDD2ED00DCD5BB /* CoreDataService.swift in Sources */ = {isa = PBXBuildFile; fileRef = D0A00ED329DDD2ED00DCD5BB /* CoreDataService.swift */; };
		D0A00ED629DDD7E400DCD5BB /* ActivitiesManager.swift in Sources */ = {isa = PBXBuildFile; fileRef = D0A00ED529DDD7E400DCD5BB /* ActivitiesManager.swift */; };
		D0A00ED929DDE3C600DCD5BB /* Session+extension.swift in Sources */ = {isa = PBXBuildFile; fileRef = D0A00ED829DDE3C600DCD5BB /* Session+extension.swift */; };
		D0B01F2229E40C6200E10979 /* temp_test.swift in Sources */ = {isa = PBXBuildFile; fileRef = D0B01F2129E40C6200E10979 /* temp_test.swift */; };
		D0B01F2429E4102200E10979 /* temp_test2.swift in Sources */ = {isa = PBXBuildFile; fileRef = D0B01F2329E4102200E10979 /* temp_test2.swift */; };
		D0B01F2829E43E4E00E10979 /* Color.swift in Sources */ = {isa = PBXBuildFile; fileRef = D0B01F2729E43E4E00E10979 /* Color.swift */; };
		D0B01F2A29E44E5600E10979 /* MonthCalendarView.swift in Sources */ = {isa = PBXBuildFile; fileRef = D0B01F2929E44E5600E10979 /* MonthCalendarView.swift */; };
		D0B01F2C29E485BC00E10979 /* SessionDetailsView.swift in Sources */ = {isa = PBXBuildFile; fileRef = D0B01F2B29E485BC00E10979 /* SessionDetailsView.swift */; };
		D0B01F2F29E5850000E10979 /* StatisticsView.swift in Sources */ = {isa = PBXBuildFile; fileRef = D0B01F2E29E5850000E10979 /* StatisticsView.swift */; };
		D0E824B029DE03D80023E6C0 /* DashboardView.swift in Sources */ = {isa = PBXBuildFile; fileRef = D0E824AF29DE03D80023E6C0 /* DashboardView.swift */; };
		D0E824B229DE0BC50023E6C0 /* WeekCalendarView.swift in Sources */ = {isa = PBXBuildFile; fileRef = D0E824B129DE0BC50023E6C0 /* WeekCalendarView.swift */; };
		D0E824B429DE0F490023E6C0 /* View+extension.swift in Sources */ = {isa = PBXBuildFile; fileRef = D0E824B329DE0F490023E6C0 /* View+extension.swift */; };
		D0E824B629DE14060023E6C0 /* ActivityPanelView.swift in Sources */ = {isa = PBXBuildFile; fileRef = D0E824B529DE14060023E6C0 /* ActivityPanelView.swift */; };
		D0E824B829DEB1C20023E6C0 /* Calendar+extension.swift in Sources */ = {isa = PBXBuildFile; fileRef = D0E824B729DEB1C20023E6C0 /* Calendar+extension.swift */; };
		D0E824BB29DED00A0023E6C0 /* CustomTabBarView.swift in Sources */ = {isa = PBXBuildFile; fileRef = D0E824BA29DED00A0023E6C0 /* CustomTabBarView.swift */; };
		D0E824BD29DEF6D50023E6C0 /* TimetableView.swift in Sources */ = {isa = PBXBuildFile; fileRef = D0E824BC29DEF6D50023E6C0 /* TimetableView.swift */; };
		D0E824BF29DF006A0023E6C0 /* Date+extension.swift in Sources */ = {isa = PBXBuildFile; fileRef = D0E824BE29DF006A0023E6C0 /* Date+extension.swift */; };
		D0E8FE1629E5988B00870501 /* SegmentedPicker.swift in Sources */ = {isa = PBXBuildFile; fileRef = D0E8FE1529E5988B00870501 /* SegmentedPicker.swift */; };
		E9F4DB5EACF17AB0B25FE753 /* Pods_bjjtracker.framework in Frameworks */ = {isa = PBXBuildFile; fileRef = D5418DDCFB74671A17957352 /* Pods_bjjtracker.framework */; };
/* End PBXBuildFile section */

/* Begin PBXContainerItemProxy section */
		D060BA9129DDAD9C00E10562 /* PBXContainerItemProxy */ = {
			isa = PBXContainerItemProxy;
			containerPortal = D060BA7229DDAD9A00E10562 /* Project object */;
			proxyType = 1;
			remoteGlobalIDString = D060BA7929DDAD9A00E10562;
			remoteInfo = bjjtracker;
		};
		D060BA9B29DDAD9C00E10562 /* PBXContainerItemProxy */ = {
			isa = PBXContainerItemProxy;
			containerPortal = D060BA7229DDAD9A00E10562 /* Project object */;
			proxyType = 1;
			remoteGlobalIDString = D060BA7929DDAD9A00E10562;
			remoteInfo = bjjtracker;
		};
/* End PBXContainerItemProxy section */

/* Begin PBXFileReference section */
		04AA8917B1888C800A79C175 /* Pods-bjjtrackerTests.release.xcconfig */ = {isa = PBXFileReference; includeInIndex = 1; lastKnownFileType = text.xcconfig; name = "Pods-bjjtrackerTests.release.xcconfig"; path = "Target Support Files/Pods-bjjtrackerTests/Pods-bjjtrackerTests.release.xcconfig"; sourceTree = "<group>"; };
		4B1775FFCBAA02031E30517E /* Pods-bjjtracker.debug.xcconfig */ = {isa = PBXFileReference; includeInIndex = 1; lastKnownFileType = text.xcconfig; name = "Pods-bjjtracker.debug.xcconfig"; path = "Target Support Files/Pods-bjjtracker/Pods-bjjtracker.debug.xcconfig"; sourceTree = "<group>"; };
		7782EFA9389CD31FC9A0DB2E /* Pods-bjjtracker.release.xcconfig */ = {isa = PBXFileReference; includeInIndex = 1; lastKnownFileType = text.xcconfig; name = "Pods-bjjtracker.release.xcconfig"; path = "Target Support Files/Pods-bjjtracker/Pods-bjjtracker.release.xcconfig"; sourceTree = "<group>"; };
		9037FD7FEFB2A4EB717067A1 /* Pods_bjjtrackerTests.framework */ = {isa = PBXFileReference; explicitFileType = wrapper.framework; includeInIndex = 0; path = Pods_bjjtrackerTests.framework; sourceTree = BUILT_PRODUCTS_DIR; };
		AEC3F419E5ED87566876E444 /* Pods_bjjtracker_bjjtrackerUITests.framework */ = {isa = PBXFileReference; explicitFileType = wrapper.framework; includeInIndex = 0; path = Pods_bjjtracker_bjjtrackerUITests.framework; sourceTree = BUILT_PRODUCTS_DIR; };
		C734C99E7FC0D22181E7D748 /* Pods-bjjtracker-bjjtrackerUITests.release.xcconfig */ = {isa = PBXFileReference; includeInIndex = 1; lastKnownFileType = text.xcconfig; name = "Pods-bjjtracker-bjjtrackerUITests.release.xcconfig"; path = "Target Support Files/Pods-bjjtracker-bjjtrackerUITests/Pods-bjjtracker-bjjtrackerUITests.release.xcconfig"; sourceTree = "<group>"; };
		D02F3DDC29E726E600BED6CD /* InfographicsView.swift */ = {isa = PBXFileReference; lastKnownFileType = sourcecode.swift; path = InfographicsView.swift; sourceTree = "<group>"; };
		D02F3DDE29E7276700BED6CD /* PieSliceView.swift */ = {isa = PBXFileReference; lastKnownFileType = sourcecode.swift; path = PieSliceView.swift; sourceTree = "<group>"; };
		D02F3DE129E7291F00BED6CD /* PieChartView.swift */ = {isa = PBXFileReference; lastKnownFileType = sourcecode.swift; path = PieChartView.swift; sourceTree = "<group>"; };
		D02F3DE529E8592000BED6CD /* DraggableCalendarView.swift */ = {isa = PBXFileReference; lastKnownFileType = sourcecode.swift; path = DraggableCalendarView.swift; sourceTree = "<group>"; };
		D02F3DE729EEBD9300BED6CD /* ProfileView.swift */ = {isa = PBXFileReference; lastKnownFileType = sourcecode.swift; path = ProfileView.swift; sourceTree = "<group>"; };
		D02F3DEA29EEE80100BED6CD /* ArchiveView.swift */ = {isa = PBXFileReference; lastKnownFileType = sourcecode.swift; path = ArchiveView.swift; sourceTree = "<group>"; };
		D02F3DEC29EFFB3C00BED6CD /* MonthYearPicker.swift */ = {isa = PBXFileReference; lastKnownFileType = sourcecode.swift; path = MonthYearPicker.swift; sourceTree = "<group>"; };
		D02F3DEE29F0204200BED6CD /* MonthYearBottomSheetView.swift */ = {isa = PBXFileReference; lastKnownFileType = sourcecode.swift; path = MonthYearBottomSheetView.swift; sourceTree = "<group>"; };
		D060BA7A29DDAD9A00E10562 /* bjjtracker.app */ = {isa = PBXFileReference; explicitFileType = wrapper.application; includeInIndex = 0; path = bjjtracker.app; sourceTree = BUILT_PRODUCTS_DIR; };
		D060BA7D29DDAD9A00E10562 /* bjjtrackerApp.swift */ = {isa = PBXFileReference; lastKnownFileType = sourcecode.swift; path = bjjtrackerApp.swift; sourceTree = "<group>"; };
		D060BA7F29DDAD9A00E10562 /* ContentView.swift */ = {isa = PBXFileReference; lastKnownFileType = sourcecode.swift; path = ContentView.swift; sourceTree = "<group>"; };
		D060BA8129DDAD9C00E10562 /* Assets.xcassets */ = {isa = PBXFileReference; lastKnownFileType = folder.assetcatalog; path = Assets.xcassets; sourceTree = "<group>"; };
		D060BA8429DDAD9C00E10562 /* Preview Assets.xcassets */ = {isa = PBXFileReference; lastKnownFileType = folder.assetcatalog; path = "Preview Assets.xcassets"; sourceTree = "<group>"; };
		D060BA8929DDAD9C00E10562 /* bjjtracker.xcdatamodel */ = {isa = PBXFileReference; lastKnownFileType = wrapper.xcdatamodel; path = bjjtracker.xcdatamodel; sourceTree = "<group>"; };
		D060BA8B29DDAD9C00E10562 /* Info.plist */ = {isa = PBXFileReference; lastKnownFileType = text.plist.xml; path = Info.plist; sourceTree = "<group>"; };
		D060BA9029DDAD9C00E10562 /* bjjtrackerTests.xctest */ = {isa = PBXFileReference; explicitFileType = wrapper.cfbundle; includeInIndex = 0; path = bjjtrackerTests.xctest; sourceTree = BUILT_PRODUCTS_DIR; };
		D060BA9429DDAD9C00E10562 /* bjjtrackerTests.swift */ = {isa = PBXFileReference; lastKnownFileType = sourcecode.swift; path = bjjtrackerTests.swift; sourceTree = "<group>"; };
		D060BA9A29DDAD9C00E10562 /* bjjtrackerUITests.xctest */ = {isa = PBXFileReference; explicitFileType = wrapper.cfbundle; includeInIndex = 0; path = bjjtrackerUITests.xctest; sourceTree = BUILT_PRODUCTS_DIR; };
		D060BA9E29DDAD9C00E10562 /* bjjtrackerUITests.swift */ = {isa = PBXFileReference; lastKnownFileType = sourcecode.swift; path = bjjtrackerUITests.swift; sourceTree = "<group>"; };
		D060BAA029DDAD9C00E10562 /* bjjtrackerUITestsLaunchTests.swift */ = {isa = PBXFileReference; lastKnownFileType = sourcecode.swift; path = bjjtrackerUITestsLaunchTests.swift; sourceTree = "<group>"; };
		D098BBE029E0947B00A9A068 /* CalendarDayViews.swift */ = {isa = PBXFileReference; lastKnownFileType = sourcecode.swift; path = CalendarDayViews.swift; sourceTree = "<group>"; };
		D098BBE429E0CE3300A9A068 /* StatsPanelsView.swift */ = {isa = PBXFileReference; lastKnownFileType = sourcecode.swift; path = StatsPanelsView.swift; sourceTree = "<group>"; };
		D098BBE629E0D1DE00A9A068 /* NewSessionView.swift */ = {isa = PBXFileReference; lastKnownFileType = sourcecode.swift; path = NewSessionView.swift; sourceTree = "<group>"; };
		D098BBE929E1A15C00A9A068 /* DurationPicker.swift */ = {isa = PBXFileReference; lastKnownFileType = sourcecode.swift; path = DurationPicker.swift; sourceTree = "<group>"; };
		D098BBED29E2C16600A9A068 /* AddPromotionView.swift */ = {isa = PBXFileReference; lastKnownFileType = sourcecode.swift; path = AddPromotionView.swift; sourceTree = "<group>"; };
		D098BBF029E2C1AF00A9A068 /* SelectionPanelView.swift */ = {isa = PBXFileReference; lastKnownFileType = sourcecode.swift; path = SelectionPanelView.swift; sourceTree = "<group>"; };
		D098BBF229E2C2FA00A9A068 /* Promotion.swift */ = {isa = PBXFileReference; lastKnownFileType = sourcecode.swift; path = Promotion.swift; sourceTree = "<group>"; };
		D098BBF429E2EB3000A9A068 /* BeltsListView.swift */ = {isa = PBXFileReference; lastKnownFileType = sourcecode.swift; path = BeltsListView.swift; sourceTree = "<group>"; };
		D0A00ECD29DDC9B100DCD5BB /* Activity.swift */ = {isa = PBXFileReference; lastKnownFileType = sourcecode.swift; path = Activity.swift; sourceTree = "<group>"; };
		D0A00ECF29DDCE7300DCD5BB /* Profile.swift */ = {isa = PBXFileReference; lastKnownFileType = sourcecode.swift; path = Profile.swift; sourceTree = "<group>"; };
		D0A00ED329DDD2ED00DCD5BB /* CoreDataService.swift */ = {isa = PBXFileReference; lastKnownFileType = sourcecode.swift; path = CoreDataService.swift; sourceTree = "<group>"; };
		D0A00ED529DDD7E400DCD5BB /* ActivitiesManager.swift */ = {isa = PBXFileReference; lastKnownFileType = sourcecode.swift; path = ActivitiesManager.swift; sourceTree = "<group>"; };
		D0A00ED829DDE3C600DCD5BB /* Session+extension.swift */ = {isa = PBXFileReference; lastKnownFileType = sourcecode.swift; path = "Session+extension.swift"; sourceTree = "<group>"; };
		D0B01F2129E40C6200E10979 /* temp_test.swift */ = {isa = PBXFileReference; lastKnownFileType = sourcecode.swift; path = temp_test.swift; sourceTree = "<group>"; };
		D0B01F2329E4102200E10979 /* temp_test2.swift */ = {isa = PBXFileReference; lastKnownFileType = sourcecode.swift; path = temp_test2.swift; sourceTree = "<group>"; };
		D0B01F2729E43E4E00E10979 /* Color.swift */ = {isa = PBXFileReference; lastKnownFileType = sourcecode.swift; path = Color.swift; sourceTree = "<group>"; };
		D0B01F2929E44E5600E10979 /* MonthCalendarView.swift */ = {isa = PBXFileReference; lastKnownFileType = sourcecode.swift; path = MonthCalendarView.swift; sourceTree = "<group>"; };
		D0B01F2B29E485BC00E10979 /* SessionDetailsView.swift */ = {isa = PBXFileReference; lastKnownFileType = sourcecode.swift; path = SessionDetailsView.swift; sourceTree = "<group>"; };
		D0B01F2E29E5850000E10979 /* StatisticsView.swift */ = {isa = PBXFileReference; lastKnownFileType = sourcecode.swift; path = StatisticsView.swift; sourceTree = "<group>"; };
		D0E824AF29DE03D80023E6C0 /* DashboardView.swift */ = {isa = PBXFileReference; lastKnownFileType = sourcecode.swift; path = DashboardView.swift; sourceTree = "<group>"; };
		D0E824B129DE0BC50023E6C0 /* WeekCalendarView.swift */ = {isa = PBXFileReference; lastKnownFileType = sourcecode.swift; path = WeekCalendarView.swift; sourceTree = "<group>"; };
		D0E824B329DE0F490023E6C0 /* View+extension.swift */ = {isa = PBXFileReference; lastKnownFileType = sourcecode.swift; path = "View+extension.swift"; sourceTree = "<group>"; };
		D0E824B529DE14060023E6C0 /* ActivityPanelView.swift */ = {isa = PBXFileReference; lastKnownFileType = sourcecode.swift; path = ActivityPanelView.swift; sourceTree = "<group>"; };
		D0E824B729DEB1C20023E6C0 /* Calendar+extension.swift */ = {isa = PBXFileReference; lastKnownFileType = sourcecode.swift; path = "Calendar+extension.swift"; sourceTree = "<group>"; };
		D0E824BA29DED00A0023E6C0 /* CustomTabBarView.swift */ = {isa = PBXFileReference; lastKnownFileType = sourcecode.swift; path = CustomTabBarView.swift; sourceTree = "<group>"; };
		D0E824BC29DEF6D50023E6C0 /* TimetableView.swift */ = {isa = PBXFileReference; lastKnownFileType = sourcecode.swift; path = TimetableView.swift; sourceTree = "<group>"; };
		D0E824BE29DF006A0023E6C0 /* Date+extension.swift */ = {isa = PBXFileReference; lastKnownFileType = sourcecode.swift; path = "Date+extension.swift"; sourceTree = "<group>"; };
		D0E8FE1529E5988B00870501 /* SegmentedPicker.swift */ = {isa = PBXFileReference; lastKnownFileType = sourcecode.swift; path = SegmentedPicker.swift; sourceTree = "<group>"; };
		D5418DDCFB74671A17957352 /* Pods_bjjtracker.framework */ = {isa = PBXFileReference; explicitFileType = wrapper.framework; includeInIndex = 0; path = Pods_bjjtracker.framework; sourceTree = BUILT_PRODUCTS_DIR; };
		DD0E87A6E9743D8C876321DC /* Pods-bjjtrackerTests.debug.xcconfig */ = {isa = PBXFileReference; includeInIndex = 1; lastKnownFileType = text.xcconfig; name = "Pods-bjjtrackerTests.debug.xcconfig"; path = "Target Support Files/Pods-bjjtrackerTests/Pods-bjjtrackerTests.debug.xcconfig"; sourceTree = "<group>"; };
		F79CDC833804077FA05FEBD0 /* Pods-bjjtracker-bjjtrackerUITests.debug.xcconfig */ = {isa = PBXFileReference; includeInIndex = 1; lastKnownFileType = text.xcconfig; name = "Pods-bjjtracker-bjjtrackerUITests.debug.xcconfig"; path = "Target Support Files/Pods-bjjtracker-bjjtrackerUITests/Pods-bjjtracker-bjjtrackerUITests.debug.xcconfig"; sourceTree = "<group>"; };
/* End PBXFileReference section */

/* Begin PBXFrameworksBuildPhase section */
		D060BA7729DDAD9A00E10562 /* Frameworks */ = {
			isa = PBXFrameworksBuildPhase;
			buildActionMask = 2147483647;
			files = (
				E9F4DB5EACF17AB0B25FE753 /* Pods_bjjtracker.framework in Frameworks */,
			);
			runOnlyForDeploymentPostprocessing = 0;
		};
		D060BA8D29DDAD9C00E10562 /* Frameworks */ = {
			isa = PBXFrameworksBuildPhase;
			buildActionMask = 2147483647;
			files = (
				28284A122750E393258D2C2E /* Pods_bjjtrackerTests.framework in Frameworks */,
			);
			runOnlyForDeploymentPostprocessing = 0;
		};
		D060BA9729DDAD9C00E10562 /* Frameworks */ = {
			isa = PBXFrameworksBuildPhase;
			buildActionMask = 2147483647;
			files = (
				B83609C4E70DC8C8C87952CC /* Pods_bjjtracker_bjjtrackerUITests.framework in Frameworks */,
			);
			runOnlyForDeploymentPostprocessing = 0;
		};
/* End PBXFrameworksBuildPhase section */

/* Begin PBXGroup section */
		01EDE3061F28FC1990F06196 /* Pods */ = {
			isa = PBXGroup;
			children = (
				4B1775FFCBAA02031E30517E /* Pods-bjjtracker.debug.xcconfig */,
				7782EFA9389CD31FC9A0DB2E /* Pods-bjjtracker.release.xcconfig */,
				F79CDC833804077FA05FEBD0 /* Pods-bjjtracker-bjjtrackerUITests.debug.xcconfig */,
				C734C99E7FC0D22181E7D748 /* Pods-bjjtracker-bjjtrackerUITests.release.xcconfig */,
				DD0E87A6E9743D8C876321DC /* Pods-bjjtrackerTests.debug.xcconfig */,
				04AA8917B1888C800A79C175 /* Pods-bjjtrackerTests.release.xcconfig */,
			);
			path = Pods;
			sourceTree = "<group>";
		};
		D02F3DE029E7291800BED6CD /* PieChart */ = {
			isa = PBXGroup;
			children = (
				D02F3DE129E7291F00BED6CD /* PieChartView.swift */,
				D02F3DDE29E7276700BED6CD /* PieSliceView.swift */,
			);
			path = PieChart;
			sourceTree = "<group>";
		};
		D02F3DE929EEE7F200BED6CD /* Archive */ = {
			isa = PBXGroup;
			children = (
				D02F3DEA29EEE80100BED6CD /* ArchiveView.swift */,
			);
			path = Archive;
			sourceTree = "<group>";
		};
		D060BA7129DDAD9A00E10562 = {
			isa = PBXGroup;
			children = (
				D060BA7C29DDAD9A00E10562 /* bjjtracker */,
				D060BA9329DDAD9C00E10562 /* bjjtrackerTests */,
				D060BA9D29DDAD9C00E10562 /* bjjtrackerUITests */,
				D060BA7B29DDAD9A00E10562 /* Products */,
				01EDE3061F28FC1990F06196 /* Pods */,
				E246021A6FE0F135649590AD /* Frameworks */,
			);
			sourceTree = "<group>";
		};
		D060BA7B29DDAD9A00E10562 /* Products */ = {
			isa = PBXGroup;
			children = (
				D060BA7A29DDAD9A00E10562 /* bjjtracker.app */,
				D060BA9029DDAD9C00E10562 /* bjjtrackerTests.xctest */,
				D060BA9A29DDAD9C00E10562 /* bjjtrackerUITests.xctest */,
			);
			name = Products;
			sourceTree = "<group>";
		};
		D060BA7C29DDAD9A00E10562 /* bjjtracker */ = {
			isa = PBXGroup;
			children = (
				D0A00ED729DDE3B100DCD5BB /* Helpers */,
				D060BAAF29DDAE3C00E10562 /* Services */,
				D060BAAE29DDAE3700E10562 /* Views */,
				D060BAAD29DDAE1700E10562 /* Models */,
				D060BA7D29DDAD9A00E10562 /* bjjtrackerApp.swift */,
				D060BA8129DDAD9C00E10562 /* Assets.xcassets */,
				D060BA8B29DDAD9C00E10562 /* Info.plist */,
				D060BA8829DDAD9C00E10562 /* bjjtracker.xcdatamodeld */,
				D060BA8329DDAD9C00E10562 /* Preview Content */,
			);
			path = bjjtracker;
			sourceTree = "<group>";
		};
		D060BA8329DDAD9C00E10562 /* Preview Content */ = {
			isa = PBXGroup;
			children = (
				D060BA8429DDAD9C00E10562 /* Preview Assets.xcassets */,
			);
			path = "Preview Content";
			sourceTree = "<group>";
		};
		D060BA9329DDAD9C00E10562 /* bjjtrackerTests */ = {
			isa = PBXGroup;
			children = (
				D060BA9429DDAD9C00E10562 /* bjjtrackerTests.swift */,
			);
			path = bjjtrackerTests;
			sourceTree = "<group>";
		};
		D060BA9D29DDAD9C00E10562 /* bjjtrackerUITests */ = {
			isa = PBXGroup;
			children = (
				D060BA9E29DDAD9C00E10562 /* bjjtrackerUITests.swift */,
				D060BAA029DDAD9C00E10562 /* bjjtrackerUITestsLaunchTests.swift */,
			);
			path = bjjtrackerUITests;
			sourceTree = "<group>";
		};
		D060BAAD29DDAE1700E10562 /* Models */ = {
			isa = PBXGroup;
			children = (
				D0A00ECD29DDC9B100DCD5BB /* Activity.swift */,
				D0A00ECF29DDCE7300DCD5BB /* Profile.swift */,
				D098BBF229E2C2FA00A9A068 /* Promotion.swift */,
			);
			path = Models;
			sourceTree = "<group>";
		};
		D060BAAE29DDAE3700E10562 /* Views */ = {
			isa = PBXGroup;
			children = (
				D098BBEC29E2C0DA00A9A068 /* Components */,
				D098BBEB29E2C09D00A9A068 /* Screens */,
				D060BA7F29DDAD9A00E10562 /* ContentView.swift */,
				D0B01F2129E40C6200E10979 /* temp_test.swift */,
				D0B01F2329E4102200E10979 /* temp_test2.swift */,
			);
			path = Views;
			sourceTree = "<group>";
		};
		D060BAAF29DDAE3C00E10562 /* Services */ = {
			isa = PBXGroup;
			children = (
				D0A00ED529DDD7E400DCD5BB /* ActivitiesManager.swift */,
				D0A00ED329DDD2ED00DCD5BB /* CoreDataService.swift */,
			);
			path = Services;
			sourceTree = "<group>";
		};
		D060BAB029DDAE4D00E10562 /* Dashboard */ = {
			isa = PBXGroup;
			children = (
				D0E824AF29DE03D80023E6C0 /* DashboardView.swift */,
				D098BBE429E0CE3300A9A068 /* StatsPanelsView.swift */,
			);
			path = Dashboard;
			sourceTree = "<group>";
		};
		D060BAB129DDAE5400E10562 /* Timetable */ = {
			isa = PBXGroup;
			children = (
				D0E824BC29DEF6D50023E6C0 /* TimetableView.swift */,
				D02F3DE529E8592000BED6CD /* DraggableCalendarView.swift */,
			);
			path = Timetable;
			sourceTree = "<group>";
		};
		D060BAB229DDAE5F00E10562 /* Sessions */ = {
			isa = PBXGroup;
			children = (
				D098BBEF29E2C1A200A9A068 /* Components */,
				D098BBE629E0D1DE00A9A068 /* NewSessionView.swift */,
				D0B01F2B29E485BC00E10979 /* SessionDetailsView.swift */,
				D098BBED29E2C16600A9A068 /* AddPromotionView.swift */,
			);
			path = Sessions;
			sourceTree = "<group>";
		};
		D060BAB329DDAE6C00E10562 /* Profile */ = {
			isa = PBXGroup;
			children = (
				D02F3DE729EEBD9300BED6CD /* ProfileView.swift */,
			);
			path = Profile;
			sourceTree = "<group>";
		};
		D098BBE229E0CDFD00A9A068 /* Calendar */ = {
			isa = PBXGroup;
			children = (
				D0E824B129DE0BC50023E6C0 /* WeekCalendarView.swift */,
				D0B01F2929E44E5600E10979 /* MonthCalendarView.swift */,
				D098BBE029E0947B00A9A068 /* CalendarDayViews.swift */,
				D02F3DEC29EFFB3C00BED6CD /* MonthYearPicker.swift */,
			);
			path = Calendar;
			sourceTree = "<group>";
		};
		D098BBE329E0CE1100A9A068 /* Activities */ = {
			isa = PBXGroup;
			children = (
				D0E824B529DE14060023E6C0 /* ActivityPanelView.swift */,
			);
			path = Activities;
			sourceTree = "<group>";
		};
		D098BBE829E1A15000A9A068 /* Pickers */ = {
			isa = PBXGroup;
			children = (
				D098BBE929E1A15C00A9A068 /* DurationPicker.swift */,
			);
			path = Pickers;
			sourceTree = "<group>";
		};
		D098BBEB29E2C09D00A9A068 /* Screens */ = {
			isa = PBXGroup;
			children = (
				D02F3DE929EEE7F200BED6CD /* Archive */,
				D0B01F2D29E5844B00E10979 /* Statistics */,
				D060BAB229DDAE5F00E10562 /* Sessions */,
				D060BAB329DDAE6C00E10562 /* Profile */,
				D060BAB129DDAE5400E10562 /* Timetable */,
				D060BAB029DDAE4D00E10562 /* Dashboard */,
			);
			path = Screens;
			sourceTree = "<group>";
		};
		D098BBEC29E2C0DA00A9A068 /* Components */ = {
			isa = PBXGroup;
			children = (
				D098BBE329E0CE1100A9A068 /* Activities */,
				D098BBE229E0CDFD00A9A068 /* Calendar */,
				D0E824B929DECFF40023E6C0 /* TabBar */,
				D0E8FE1529E5988B00870501 /* SegmentedPicker.swift */,
				D02F3DEE29F0204200BED6CD /* MonthYearBottomSheetView.swift */,
			);
			path = Components;
			sourceTree = "<group>";
		};
		D098BBEF29E2C1A200A9A068 /* Components */ = {
			isa = PBXGroup;
			children = (
				D098BBF029E2C1AF00A9A068 /* SelectionPanelView.swift */,
				D098BBF429E2EB3000A9A068 /* BeltsListView.swift */,
			);
			path = Components;
			sourceTree = "<group>";
		};
		D0A00ED729DDE3B100DCD5BB /* Helpers */ = {
			isa = PBXGroup;
			children = (
				D098BBE829E1A15000A9A068 /* Pickers */,
				D0B01F2629E43DBE00E10979 /* Extensions */,
			);
			path = Helpers;
			sourceTree = "<group>";
		};
		D0B01F2529E43DAF00E10979 /* Color */ = {
			isa = PBXGroup;
			children = (
				D0B01F2729E43E4E00E10979 /* Color.swift */,
			);
			path = Color;
			sourceTree = "<group>";
		};
		D0B01F2629E43DBE00E10979 /* Extensions */ = {
			isa = PBXGroup;
			children = (
				D0B01F2529E43DAF00E10979 /* Color */,
				D0A00ED829DDE3C600DCD5BB /* Session+extension.swift */,
				D0E824B329DE0F490023E6C0 /* View+extension.swift */,
				D0E824B729DEB1C20023E6C0 /* Calendar+extension.swift */,
				D0E824BE29DF006A0023E6C0 /* Date+extension.swift */,
			);
			path = Extensions;
			sourceTree = "<group>";
		};
		D0B01F2D29E5844B00E10979 /* Statistics */ = {
			isa = PBXGroup;
			children = (
				D02F3DE029E7291800BED6CD /* PieChart */,
				D02F3DDC29E726E600BED6CD /* InfographicsView.swift */,
				D0B01F2E29E5850000E10979 /* StatisticsView.swift */,
			);
			path = Statistics;
			sourceTree = "<group>";
		};
		D0E824B929DECFF40023E6C0 /* TabBar */ = {
			isa = PBXGroup;
			children = (
				D0E824BA29DED00A0023E6C0 /* CustomTabBarView.swift */,
			);
			path = TabBar;
			sourceTree = "<group>";
		};
		E246021A6FE0F135649590AD /* Frameworks */ = {
			isa = PBXGroup;
			children = (
				D5418DDCFB74671A17957352 /* Pods_bjjtracker.framework */,
				AEC3F419E5ED87566876E444 /* Pods_bjjtracker_bjjtrackerUITests.framework */,
				9037FD7FEFB2A4EB717067A1 /* Pods_bjjtrackerTests.framework */,
			);
			name = Frameworks;
			sourceTree = "<group>";
		};
/* End PBXGroup section */

/* Begin PBXNativeTarget section */
		D060BA7929DDAD9A00E10562 /* bjjtracker */ = {
			isa = PBXNativeTarget;
			buildConfigurationList = D060BAA429DDAD9C00E10562 /* Build configuration list for PBXNativeTarget "bjjtracker" */;
			buildPhases = (
				8DF69214951BFFF86C734168 /* [CP] Check Pods Manifest.lock */,
				D060BA7629DDAD9A00E10562 /* Sources */,
				D060BA7729DDAD9A00E10562 /* Frameworks */,
				D060BA7829DDAD9A00E10562 /* Resources */,
				CAEE1876F8DD8F8F5CE9A876 /* [CP] Embed Pods Frameworks */,
			);
			buildRules = (
			);
			dependencies = (
			);
			name = bjjtracker;
			productName = bjjtracker;
			productReference = D060BA7A29DDAD9A00E10562 /* bjjtracker.app */;
			productType = "com.apple.product-type.application";
		};
		D060BA8F29DDAD9C00E10562 /* bjjtrackerTests */ = {
			isa = PBXNativeTarget;
			buildConfigurationList = D060BAA729DDAD9C00E10562 /* Build configuration list for PBXNativeTarget "bjjtrackerTests" */;
			buildPhases = (
				D86FD79D51B38ECEB1C8D64C /* [CP] Check Pods Manifest.lock */,
				D060BA8C29DDAD9C00E10562 /* Sources */,
				D060BA8D29DDAD9C00E10562 /* Frameworks */,
				D060BA8E29DDAD9C00E10562 /* Resources */,
			);
			buildRules = (
			);
			dependencies = (
				D060BA9229DDAD9C00E10562 /* PBXTargetDependency */,
			);
			name = bjjtrackerTests;
			productName = bjjtrackerTests;
			productReference = D060BA9029DDAD9C00E10562 /* bjjtrackerTests.xctest */;
			productType = "com.apple.product-type.bundle.unit-test";
		};
		D060BA9929DDAD9C00E10562 /* bjjtrackerUITests */ = {
			isa = PBXNativeTarget;
			buildConfigurationList = D060BAAA29DDAD9C00E10562 /* Build configuration list for PBXNativeTarget "bjjtrackerUITests" */;
			buildPhases = (
				31B420C7E4018D5C2CC3809A /* [CP] Check Pods Manifest.lock */,
				D060BA9629DDAD9C00E10562 /* Sources */,
				D060BA9729DDAD9C00E10562 /* Frameworks */,
				D060BA9829DDAD9C00E10562 /* Resources */,
				A0CC8BF6271E52821ACBEDC6 /* [CP] Embed Pods Frameworks */,
			);
			buildRules = (
			);
			dependencies = (
				D060BA9C29DDAD9C00E10562 /* PBXTargetDependency */,
			);
			name = bjjtrackerUITests;
			productName = bjjtrackerUITests;
			productReference = D060BA9A29DDAD9C00E10562 /* bjjtrackerUITests.xctest */;
			productType = "com.apple.product-type.bundle.ui-testing";
		};
/* End PBXNativeTarget section */

/* Begin PBXProject section */
		D060BA7229DDAD9A00E10562 /* Project object */ = {
			isa = PBXProject;
			attributes = {
				BuildIndependentTargetsInParallel = 1;
				LastSwiftUpdateCheck = 1430;
				LastUpgradeCheck = 1430;
				TargetAttributes = {
					D060BA7929DDAD9A00E10562 = {
						CreatedOnToolsVersion = 14.3;
					};
					D060BA8F29DDAD9C00E10562 = {
						CreatedOnToolsVersion = 14.3;
						TestTargetID = D060BA7929DDAD9A00E10562;
					};
					D060BA9929DDAD9C00E10562 = {
						CreatedOnToolsVersion = 14.3;
						TestTargetID = D060BA7929DDAD9A00E10562;
					};
				};
			};
			buildConfigurationList = D060BA7529DDAD9A00E10562 /* Build configuration list for PBXProject "bjjtracker" */;
			compatibilityVersion = "Xcode 14.0";
			developmentRegion = en;
			hasScannedForEncodings = 0;
			knownRegions = (
				en,
				Base,
				uk,
			);
			mainGroup = D060BA7129DDAD9A00E10562;
			productRefGroup = D060BA7B29DDAD9A00E10562 /* Products */;
			projectDirPath = "";
			projectRoot = "";
			targets = (
				D060BA7929DDAD9A00E10562 /* bjjtracker */,
				D060BA8F29DDAD9C00E10562 /* bjjtrackerTests */,
				D060BA9929DDAD9C00E10562 /* bjjtrackerUITests */,
			);
		};
/* End PBXProject section */

/* Begin PBXResourcesBuildPhase section */
		D060BA7829DDAD9A00E10562 /* Resources */ = {
			isa = PBXResourcesBuildPhase;
			buildActionMask = 2147483647;
			files = (
				D060BA8529DDAD9C00E10562 /* Preview Assets.xcassets in Resources */,
				D060BA8229DDAD9C00E10562 /* Assets.xcassets in Resources */,
			);
			runOnlyForDeploymentPostprocessing = 0;
		};
		D060BA8E29DDAD9C00E10562 /* Resources */ = {
			isa = PBXResourcesBuildPhase;
			buildActionMask = 2147483647;
			files = (
			);
			runOnlyForDeploymentPostprocessing = 0;
		};
		D060BA9829DDAD9C00E10562 /* Resources */ = {
			isa = PBXResourcesBuildPhase;
			buildActionMask = 2147483647;
			files = (
			);
			runOnlyForDeploymentPostprocessing = 0;
		};
/* End PBXResourcesBuildPhase section */

/* Begin PBXShellScriptBuildPhase section */
		31B420C7E4018D5C2CC3809A /* [CP] Check Pods Manifest.lock */ = {
			isa = PBXShellScriptBuildPhase;
			buildActionMask = 2147483647;
			files = (
			);
			inputFileListPaths = (
			);
			inputPaths = (
				"${PODS_PODFILE_DIR_PATH}/Podfile.lock",
				"${PODS_ROOT}/Manifest.lock",
			);
			name = "[CP] Check Pods Manifest.lock";
			outputFileListPaths = (
			);
			outputPaths = (
				"$(DERIVED_FILE_DIR)/Pods-bjjtracker-bjjtrackerUITests-checkManifestLockResult.txt",
			);
			runOnlyForDeploymentPostprocessing = 0;
			shellPath = /bin/sh;
			shellScript = "diff \"${PODS_PODFILE_DIR_PATH}/Podfile.lock\" \"${PODS_ROOT}/Manifest.lock\" > /dev/null\nif [ $? != 0 ] ; then\n    # print error to STDERR\n    echo \"error: The sandbox is not in sync with the Podfile.lock. Run 'pod install' or update your CocoaPods installation.\" >&2\n    exit 1\nfi\n# This output is used by Xcode 'outputs' to avoid re-running this script phase.\necho \"SUCCESS\" > \"${SCRIPT_OUTPUT_FILE_0}\"\n";
			showEnvVarsInLog = 0;
		};
		8DF69214951BFFF86C734168 /* [CP] Check Pods Manifest.lock */ = {
			isa = PBXShellScriptBuildPhase;
			buildActionMask = 2147483647;
			files = (
			);
			inputFileListPaths = (
			);
			inputPaths = (
				"${PODS_PODFILE_DIR_PATH}/Podfile.lock",
				"${PODS_ROOT}/Manifest.lock",
			);
			name = "[CP] Check Pods Manifest.lock";
			outputFileListPaths = (
			);
			outputPaths = (
				"$(DERIVED_FILE_DIR)/Pods-bjjtracker-checkManifestLockResult.txt",
			);
			runOnlyForDeploymentPostprocessing = 0;
			shellPath = /bin/sh;
			shellScript = "diff \"${PODS_PODFILE_DIR_PATH}/Podfile.lock\" \"${PODS_ROOT}/Manifest.lock\" > /dev/null\nif [ $? != 0 ] ; then\n    # print error to STDERR\n    echo \"error: The sandbox is not in sync with the Podfile.lock. Run 'pod install' or update your CocoaPods installation.\" >&2\n    exit 1\nfi\n# This output is used by Xcode 'outputs' to avoid re-running this script phase.\necho \"SUCCESS\" > \"${SCRIPT_OUTPUT_FILE_0}\"\n";
			showEnvVarsInLog = 0;
		};
		A0CC8BF6271E52821ACBEDC6 /* [CP] Embed Pods Frameworks */ = {
			isa = PBXShellScriptBuildPhase;
			buildActionMask = 2147483647;
			files = (
			);
			inputFileListPaths = (
				"${PODS_ROOT}/Target Support Files/Pods-bjjtracker-bjjtrackerUITests/Pods-bjjtracker-bjjtrackerUITests-frameworks-${CONFIGURATION}-input-files.xcfilelist",
			);
			name = "[CP] Embed Pods Frameworks";
			outputFileListPaths = (
				"${PODS_ROOT}/Target Support Files/Pods-bjjtracker-bjjtrackerUITests/Pods-bjjtracker-bjjtrackerUITests-frameworks-${CONFIGURATION}-output-files.xcfilelist",
			);
			runOnlyForDeploymentPostprocessing = 0;
			shellPath = /bin/sh;
			shellScript = "\"${PODS_ROOT}/Target Support Files/Pods-bjjtracker-bjjtrackerUITests/Pods-bjjtracker-bjjtrackerUITests-frameworks.sh\"\n";
			showEnvVarsInLog = 0;
		};
		CAEE1876F8DD8F8F5CE9A876 /* [CP] Embed Pods Frameworks */ = {
			isa = PBXShellScriptBuildPhase;
			buildActionMask = 2147483647;
			files = (
			);
			inputFileListPaths = (
				"${PODS_ROOT}/Target Support Files/Pods-bjjtracker/Pods-bjjtracker-frameworks-${CONFIGURATION}-input-files.xcfilelist",
			);
			name = "[CP] Embed Pods Frameworks";
			outputFileListPaths = (
				"${PODS_ROOT}/Target Support Files/Pods-bjjtracker/Pods-bjjtracker-frameworks-${CONFIGURATION}-output-files.xcfilelist",
			);
			runOnlyForDeploymentPostprocessing = 0;
			shellPath = /bin/sh;
			shellScript = "\"${PODS_ROOT}/Target Support Files/Pods-bjjtracker/Pods-bjjtracker-frameworks.sh\"\n";
			showEnvVarsInLog = 0;
		};
		D86FD79D51B38ECEB1C8D64C /* [CP] Check Pods Manifest.lock */ = {
			isa = PBXShellScriptBuildPhase;
			buildActionMask = 2147483647;
			files = (
			);
			inputFileListPaths = (
			);
			inputPaths = (
				"${PODS_PODFILE_DIR_PATH}/Podfile.lock",
				"${PODS_ROOT}/Manifest.lock",
			);
			name = "[CP] Check Pods Manifest.lock";
			outputFileListPaths = (
			);
			outputPaths = (
				"$(DERIVED_FILE_DIR)/Pods-bjjtrackerTests-checkManifestLockResult.txt",
			);
			runOnlyForDeploymentPostprocessing = 0;
			shellPath = /bin/sh;
			shellScript = "diff \"${PODS_PODFILE_DIR_PATH}/Podfile.lock\" \"${PODS_ROOT}/Manifest.lock\" > /dev/null\nif [ $? != 0 ] ; then\n    # print error to STDERR\n    echo \"error: The sandbox is not in sync with the Podfile.lock. Run 'pod install' or update your CocoaPods installation.\" >&2\n    exit 1\nfi\n# This output is used by Xcode 'outputs' to avoid re-running this script phase.\necho \"SUCCESS\" > \"${SCRIPT_OUTPUT_FILE_0}\"\n";
			showEnvVarsInLog = 0;
		};
/* End PBXShellScriptBuildPhase section */

/* Begin PBXSourcesBuildPhase section */
		D060BA7629DDAD9A00E10562 /* Sources */ = {
			isa = PBXSourcesBuildPhase;
			buildActionMask = 2147483647;
			files = (
				D0E8FE1629E5988B00870501 /* SegmentedPicker.swift in Sources */,
				D0B01F2829E43E4E00E10979 /* Color.swift in Sources */,
				D0B01F2F29E5850000E10979 /* StatisticsView.swift in Sources */,
				D02F3DEB29EEE80100BED6CD /* ArchiveView.swift in Sources */,
				D098BBE129E0947B00A9A068 /* CalendarDayViews.swift in Sources */,
				D0A00ECE29DDC9B100DCD5BB /* Activity.swift in Sources */,
				D0A00ED029DDCE7300DCD5BB /* Profile.swift in Sources */,
				D0E824B629DE14060023E6C0 /* ActivityPanelView.swift in Sources */,
				D02F3DEF29F0204200BED6CD /* MonthYearBottomSheetView.swift in Sources */,
				D0E824B229DE0BC50023E6C0 /* WeekCalendarView.swift in Sources */,
				D0A00ED629DDD7E400DCD5BB /* ActivitiesManager.swift in Sources */,
				D02F3DDD29E726E600BED6CD /* InfographicsView.swift in Sources */,
				D0E824BF29DF006A0023E6C0 /* Date+extension.swift in Sources */,
				D098BBEE29E2C16600A9A068 /* AddPromotionView.swift in Sources */,
				D098BBEA29E1A15C00A9A068 /* DurationPicker.swift in Sources */,
				D0A00ED429DDD2ED00DCD5BB /* CoreDataService.swift in Sources */,
				D02F3DE629E8592000BED6CD /* DraggableCalendarView.swift in Sources */,
				D098BBE729E0D1DE00A9A068 /* NewSessionView.swift in Sources */,
				D0E824B029DE03D80023E6C0 /* DashboardView.swift in Sources */,
				D0E824BB29DED00A0023E6C0 /* CustomTabBarView.swift in Sources */,
				D060BA8A29DDAD9C00E10562 /* bjjtracker.xcdatamodeld in Sources */,
				D0E824B429DE0F490023E6C0 /* View+extension.swift in Sources */,
				D060BA8029DDAD9A00E10562 /* ContentView.swift in Sources */,
				D0B01F2A29E44E5600E10979 /* MonthCalendarView.swift in Sources */,
				D02F3DED29EFFB3C00BED6CD /* MonthYearPicker.swift in Sources */,
				D098BBF129E2C1AF00A9A068 /* SelectionPanelView.swift in Sources */,
				D0B01F2229E40C6200E10979 /* temp_test.swift in Sources */,
				D098BBE529E0CE3300A9A068 /* StatsPanelsView.swift in Sources */,
				D0B01F2C29E485BC00E10979 /* SessionDetailsView.swift in Sources */,
				D098BBF329E2C2FA00A9A068 /* Promotion.swift in Sources */,
				D0E824BD29DEF6D50023E6C0 /* TimetableView.swift in Sources */,
				D02F3DE829EEBD9300BED6CD /* ProfileView.swift in Sources */,
				D02F3DDF29E7276700BED6CD /* PieSliceView.swift in Sources */,
				D0E824B829DEB1C20023E6C0 /* Calendar+extension.swift in Sources */,
				D0A00ED929DDE3C600DCD5BB /* Session+extension.swift in Sources */,
				D02F3DE229E7291F00BED6CD /* PieChartView.swift in Sources */,
				D060BA7E29DDAD9A00E10562 /* bjjtrackerApp.swift in Sources */,
				D0B01F2429E4102200E10979 /* temp_test2.swift in Sources */,
				D098BBF529E2EB3000A9A068 /* BeltsListView.swift in Sources */,
			);
			runOnlyForDeploymentPostprocessing = 0;
		};
		D060BA8C29DDAD9C00E10562 /* Sources */ = {
			isa = PBXSourcesBuildPhase;
			buildActionMask = 2147483647;
			files = (
				D060BA9529DDAD9C00E10562 /* bjjtrackerTests.swift in Sources */,
			);
			runOnlyForDeploymentPostprocessing = 0;
		};
		D060BA9629DDAD9C00E10562 /* Sources */ = {
			isa = PBXSourcesBuildPhase;
			buildActionMask = 2147483647;
			files = (
				D060BAA129DDAD9C00E10562 /* bjjtrackerUITestsLaunchTests.swift in Sources */,
				D060BA9F29DDAD9C00E10562 /* bjjtrackerUITests.swift in Sources */,
			);
			runOnlyForDeploymentPostprocessing = 0;
		};
/* End PBXSourcesBuildPhase section */

/* Begin PBXTargetDependency section */
		D060BA9229DDAD9C00E10562 /* PBXTargetDependency */ = {
			isa = PBXTargetDependency;
			target = D060BA7929DDAD9A00E10562 /* bjjtracker */;
			targetProxy = D060BA9129DDAD9C00E10562 /* PBXContainerItemProxy */;
		};
		D060BA9C29DDAD9C00E10562 /* PBXTargetDependency */ = {
			isa = PBXTargetDependency;
			target = D060BA7929DDAD9A00E10562 /* bjjtracker */;
			targetProxy = D060BA9B29DDAD9C00E10562 /* PBXContainerItemProxy */;
		};
/* End PBXTargetDependency section */

/* Begin XCBuildConfiguration section */
		D060BAA229DDAD9C00E10562 /* Debug */ = {
			isa = XCBuildConfiguration;
			buildSettings = {
				ALWAYS_SEARCH_USER_PATHS = NO;
				CLANG_ANALYZER_NONNULL = YES;
				CLANG_ANALYZER_NUMBER_OBJECT_CONVERSION = YES_AGGRESSIVE;
				CLANG_CXX_LANGUAGE_STANDARD = "gnu++20";
				CLANG_ENABLE_MODULES = YES;
				CLANG_ENABLE_OBJC_ARC = YES;
				CLANG_ENABLE_OBJC_WEAK = YES;
				CLANG_WARN_BLOCK_CAPTURE_AUTORELEASING = YES;
				CLANG_WARN_BOOL_CONVERSION = YES;
				CLANG_WARN_COMMA = YES;
				CLANG_WARN_CONSTANT_CONVERSION = YES;
				CLANG_WARN_DEPRECATED_OBJC_IMPLEMENTATIONS = YES;
				CLANG_WARN_DIRECT_OBJC_ISA_USAGE = YES_ERROR;
				CLANG_WARN_DOCUMENTATION_COMMENTS = YES;
				CLANG_WARN_EMPTY_BODY = YES;
				CLANG_WARN_ENUM_CONVERSION = YES;
				CLANG_WARN_INFINITE_RECURSION = YES;
				CLANG_WARN_INT_CONVERSION = YES;
				CLANG_WARN_NON_LITERAL_NULL_CONVERSION = YES;
				CLANG_WARN_OBJC_IMPLICIT_RETAIN_SELF = YES;
				CLANG_WARN_OBJC_LITERAL_CONVERSION = YES;
				CLANG_WARN_OBJC_ROOT_CLASS = YES_ERROR;
				CLANG_WARN_QUOTED_INCLUDE_IN_FRAMEWORK_HEADER = YES;
				CLANG_WARN_RANGE_LOOP_ANALYSIS = YES;
				CLANG_WARN_STRICT_PROTOTYPES = YES;
				CLANG_WARN_SUSPICIOUS_MOVE = YES;
				CLANG_WARN_UNGUARDED_AVAILABILITY = YES_AGGRESSIVE;
				CLANG_WARN_UNREACHABLE_CODE = YES;
				CLANG_WARN__DUPLICATE_METHOD_MATCH = YES;
				COPY_PHASE_STRIP = NO;
				DEBUG_INFORMATION_FORMAT = dwarf;
				ENABLE_STRICT_OBJC_MSGSEND = YES;
				ENABLE_TESTABILITY = YES;
				GCC_C_LANGUAGE_STANDARD = gnu11;
				GCC_DYNAMIC_NO_PIC = NO;
				GCC_NO_COMMON_BLOCKS = YES;
				GCC_OPTIMIZATION_LEVEL = 0;
				GCC_PREPROCESSOR_DEFINITIONS = (
					"DEBUG=1",
					"$(inherited)",
				);
				GCC_WARN_64_TO_32_BIT_CONVERSION = YES;
				GCC_WARN_ABOUT_RETURN_TYPE = YES_ERROR;
				GCC_WARN_UNDECLARED_SELECTOR = YES;
				GCC_WARN_UNINITIALIZED_AUTOS = YES_AGGRESSIVE;
				GCC_WARN_UNUSED_FUNCTION = YES;
				GCC_WARN_UNUSED_VARIABLE = YES;
				IPHONEOS_DEPLOYMENT_TARGET = 15.0;
				MTL_ENABLE_DEBUG_INFO = INCLUDE_SOURCE;
				MTL_FAST_MATH = YES;
				ONLY_ACTIVE_ARCH = YES;
				SDKROOT = iphoneos;
				SWIFT_ACTIVE_COMPILATION_CONDITIONS = DEBUG;
				SWIFT_OPTIMIZATION_LEVEL = "-Onone";
			};
			name = Debug;
		};
		D060BAA329DDAD9C00E10562 /* Release */ = {
			isa = XCBuildConfiguration;
			buildSettings = {
				ALWAYS_SEARCH_USER_PATHS = NO;
				CLANG_ANALYZER_NONNULL = YES;
				CLANG_ANALYZER_NUMBER_OBJECT_CONVERSION = YES_AGGRESSIVE;
				CLANG_CXX_LANGUAGE_STANDARD = "gnu++20";
				CLANG_ENABLE_MODULES = YES;
				CLANG_ENABLE_OBJC_ARC = YES;
				CLANG_ENABLE_OBJC_WEAK = YES;
				CLANG_WARN_BLOCK_CAPTURE_AUTORELEASING = YES;
				CLANG_WARN_BOOL_CONVERSION = YES;
				CLANG_WARN_COMMA = YES;
				CLANG_WARN_CONSTANT_CONVERSION = YES;
				CLANG_WARN_DEPRECATED_OBJC_IMPLEMENTATIONS = YES;
				CLANG_WARN_DIRECT_OBJC_ISA_USAGE = YES_ERROR;
				CLANG_WARN_DOCUMENTATION_COMMENTS = YES;
				CLANG_WARN_EMPTY_BODY = YES;
				CLANG_WARN_ENUM_CONVERSION = YES;
				CLANG_WARN_INFINITE_RECURSION = YES;
				CLANG_WARN_INT_CONVERSION = YES;
				CLANG_WARN_NON_LITERAL_NULL_CONVERSION = YES;
				CLANG_WARN_OBJC_IMPLICIT_RETAIN_SELF = YES;
				CLANG_WARN_OBJC_LITERAL_CONVERSION = YES;
				CLANG_WARN_OBJC_ROOT_CLASS = YES_ERROR;
				CLANG_WARN_QUOTED_INCLUDE_IN_FRAMEWORK_HEADER = YES;
				CLANG_WARN_RANGE_LOOP_ANALYSIS = YES;
				CLANG_WARN_STRICT_PROTOTYPES = YES;
				CLANG_WARN_SUSPICIOUS_MOVE = YES;
				CLANG_WARN_UNGUARDED_AVAILABILITY = YES_AGGRESSIVE;
				CLANG_WARN_UNREACHABLE_CODE = YES;
				CLANG_WARN__DUPLICATE_METHOD_MATCH = YES;
				COPY_PHASE_STRIP = NO;
				DEBUG_INFORMATION_FORMAT = "dwarf-with-dsym";
				ENABLE_NS_ASSERTIONS = NO;
				ENABLE_STRICT_OBJC_MSGSEND = YES;
				GCC_C_LANGUAGE_STANDARD = gnu11;
				GCC_NO_COMMON_BLOCKS = YES;
				GCC_WARN_64_TO_32_BIT_CONVERSION = YES;
				GCC_WARN_ABOUT_RETURN_TYPE = YES_ERROR;
				GCC_WARN_UNDECLARED_SELECTOR = YES;
				GCC_WARN_UNINITIALIZED_AUTOS = YES_AGGRESSIVE;
				GCC_WARN_UNUSED_FUNCTION = YES;
				GCC_WARN_UNUSED_VARIABLE = YES;
				IPHONEOS_DEPLOYMENT_TARGET = 15.0;
				MTL_ENABLE_DEBUG_INFO = NO;
				MTL_FAST_MATH = YES;
				SDKROOT = iphoneos;
				SWIFT_COMPILATION_MODE = wholemodule;
				SWIFT_OPTIMIZATION_LEVEL = "-O";
				VALIDATE_PRODUCT = YES;
			};
			name = Release;
		};
		D060BAA529DDAD9C00E10562 /* Debug */ = {
			isa = XCBuildConfiguration;
			baseConfigurationReference = 4B1775FFCBAA02031E30517E /* Pods-bjjtracker.debug.xcconfig */;
			buildSettings = {
				ASSETCATALOG_COMPILER_APPICON_NAME = AppIcon;
				ASSETCATALOG_COMPILER_GLOBAL_ACCENT_COLOR_NAME = AccentColor;
				CODE_SIGN_STYLE = Automatic;
				CURRENT_PROJECT_VERSION = 1;
				DEVELOPMENT_ASSET_PATHS = "\"bjjtracker/Preview Content\"";
				DEVELOPMENT_TEAM = 6ATC97KQPU;
				ENABLE_PREVIEWS = YES;
				GENERATE_INFOPLIST_FILE = YES;
				INFOPLIST_FILE = bjjtracker/Info.plist;
				INFOPLIST_KEY_CFBundleDisplayName = "BJJ Tracker";
				INFOPLIST_KEY_LSApplicationCategoryType = "public.app-category.healthcare-fitness";
				INFOPLIST_KEY_UIApplicationSceneManifest_Generation = YES;
				INFOPLIST_KEY_UIApplicationSupportsIndirectInputEvents = YES;
				INFOPLIST_KEY_UISupportedInterfaceOrientations = UIInterfaceOrientationPortrait;
				IPHONEOS_DEPLOYMENT_TARGET = 15.0;
				LD_RUNPATH_SEARCH_PATHS = (
					"$(inherited)",
					"@executable_path/Frameworks",
				);
				MARKETING_VERSION = 1.0;
				PRODUCT_BUNDLE_IDENTIFIER = com.hotcode.bjjtracker;
				PRODUCT_NAME = "$(TARGET_NAME)";
				SUPPORTED_PLATFORMS = "iphoneos iphonesimulator";
				SUPPORTS_MACCATALYST = NO;
				SUPPORTS_MAC_DESIGNED_FOR_IPHONE_IPAD = NO;
				SWIFT_EMIT_LOC_STRINGS = YES;
				SWIFT_VERSION = 5.0;
				TARGETED_DEVICE_FAMILY = "1,2";
			};
			name = Debug;
		};
		D060BAA629DDAD9C00E10562 /* Release */ = {
			isa = XCBuildConfiguration;
			baseConfigurationReference = 7782EFA9389CD31FC9A0DB2E /* Pods-bjjtracker.release.xcconfig */;
			buildSettings = {
				ASSETCATALOG_COMPILER_APPICON_NAME = AppIcon;
				ASSETCATALOG_COMPILER_GLOBAL_ACCENT_COLOR_NAME = AccentColor;
				CODE_SIGN_STYLE = Automatic;
				CURRENT_PROJECT_VERSION = 1;
				DEVELOPMENT_ASSET_PATHS = "\"bjjtracker/Preview Content\"";
				DEVELOPMENT_TEAM = 6ATC97KQPU;
				ENABLE_PREVIEWS = YES;
				GENERATE_INFOPLIST_FILE = YES;
				INFOPLIST_FILE = bjjtracker/Info.plist;
				INFOPLIST_KEY_CFBundleDisplayName = "BJJ Tracker";
				INFOPLIST_KEY_LSApplicationCategoryType = "public.app-category.healthcare-fitness";
				INFOPLIST_KEY_UIApplicationSceneManifest_Generation = YES;
				INFOPLIST_KEY_UIApplicationSupportsIndirectInputEvents = YES;
				INFOPLIST_KEY_UISupportedInterfaceOrientations = UIInterfaceOrientationPortrait;
				IPHONEOS_DEPLOYMENT_TARGET = 15.0;
				LD_RUNPATH_SEARCH_PATHS = (
					"$(inherited)",
					"@executable_path/Frameworks",
				);
				MARKETING_VERSION = 1.0;
				PRODUCT_BUNDLE_IDENTIFIER = com.hotcode.bjjtracker;
				PRODUCT_NAME = "$(TARGET_NAME)";
				SUPPORTED_PLATFORMS = "iphoneos iphonesimulator";
				SUPPORTS_MACCATALYST = NO;
				SUPPORTS_MAC_DESIGNED_FOR_IPHONE_IPAD = NO;
				SWIFT_EMIT_LOC_STRINGS = YES;
				SWIFT_VERSION = 5.0;
				TARGETED_DEVICE_FAMILY = "1,2";
			};
			name = Release;
		};
		D060BAA829DDAD9C00E10562 /* Debug */ = {
			isa = XCBuildConfiguration;
			baseConfigurationReference = DD0E87A6E9743D8C876321DC /* Pods-bjjtrackerTests.debug.xcconfig */;
			buildSettings = {
				ALWAYS_EMBED_SWIFT_STANDARD_LIBRARIES = YES;
				BUNDLE_LOADER = "$(TEST_HOST)";
				CODE_SIGN_STYLE = Automatic;
				CURRENT_PROJECT_VERSION = 1;
				DEVELOPMENT_TEAM = 6ATC97KQPU;
				GENERATE_INFOPLIST_FILE = YES;
				IPHONEOS_DEPLOYMENT_TARGET = 16.4;
				MARKETING_VERSION = 1.0;
				PRODUCT_BUNDLE_IDENTIFIER = com.hotcode.bjjtrackerTests;
				PRODUCT_NAME = "$(TARGET_NAME)";
				SUPPORTED_PLATFORMS = "iphoneos iphonesimulator";
				SUPPORTS_MACCATALYST = NO;
				SUPPORTS_MAC_DESIGNED_FOR_IPHONE_IPAD = YES;
				SWIFT_EMIT_LOC_STRINGS = NO;
				SWIFT_VERSION = 5.0;
				TARGETED_DEVICE_FAMILY = "1,2";
				TEST_HOST = "$(BUILT_PRODUCTS_DIR)/bjjtracker.app/$(BUNDLE_EXECUTABLE_FOLDER_PATH)/bjjtracker";
			};
			name = Debug;
		};
		D060BAA929DDAD9C00E10562 /* Release */ = {
			isa = XCBuildConfiguration;
			baseConfigurationReference = 04AA8917B1888C800A79C175 /* Pods-bjjtrackerTests.release.xcconfig */;
			buildSettings = {
				ALWAYS_EMBED_SWIFT_STANDARD_LIBRARIES = YES;
				BUNDLE_LOADER = "$(TEST_HOST)";
				CODE_SIGN_STYLE = Automatic;
				CURRENT_PROJECT_VERSION = 1;
				DEVELOPMENT_TEAM = 6ATC97KQPU;
				GENERATE_INFOPLIST_FILE = YES;
				IPHONEOS_DEPLOYMENT_TARGET = 16.4;
				MARKETING_VERSION = 1.0;
				PRODUCT_BUNDLE_IDENTIFIER = com.hotcode.bjjtrackerTests;
				PRODUCT_NAME = "$(TARGET_NAME)";
				SUPPORTED_PLATFORMS = "iphoneos iphonesimulator";
				SUPPORTS_MACCATALYST = NO;
				SUPPORTS_MAC_DESIGNED_FOR_IPHONE_IPAD = YES;
				SWIFT_EMIT_LOC_STRINGS = NO;
				SWIFT_VERSION = 5.0;
				TARGETED_DEVICE_FAMILY = "1,2";
				TEST_HOST = "$(BUILT_PRODUCTS_DIR)/bjjtracker.app/$(BUNDLE_EXECUTABLE_FOLDER_PATH)/bjjtracker";
			};
			name = Release;
		};
		D060BAAB29DDAD9C00E10562 /* Debug */ = {
			isa = XCBuildConfiguration;
			baseConfigurationReference = F79CDC833804077FA05FEBD0 /* Pods-bjjtracker-bjjtrackerUITests.debug.xcconfig */;
			buildSettings = {
				ALWAYS_EMBED_SWIFT_STANDARD_LIBRARIES = YES;
				CODE_SIGN_STYLE = Automatic;
				CURRENT_PROJECT_VERSION = 1;
				DEVELOPMENT_TEAM = 6ATC97KQPU;
				GENERATE_INFOPLIST_FILE = YES;
				MARKETING_VERSION = 1.0;
				PRODUCT_BUNDLE_IDENTIFIER = com.hotcode.bjjtrackerUITests;
				PRODUCT_NAME = "$(TARGET_NAME)";
				SUPPORTED_PLATFORMS = "iphoneos iphonesimulator";
				SUPPORTS_MACCATALYST = NO;
				SUPPORTS_MAC_DESIGNED_FOR_IPHONE_IPAD = YES;
				SWIFT_EMIT_LOC_STRINGS = NO;
				SWIFT_VERSION = 5.0;
				TARGETED_DEVICE_FAMILY = "1,2";
				TEST_TARGET_NAME = bjjtracker;
			};
			name = Debug;
		};
		D060BAAC29DDAD9C00E10562 /* Release */ = {
			isa = XCBuildConfiguration;
			baseConfigurationReference = C734C99E7FC0D22181E7D748 /* Pods-bjjtracker-bjjtrackerUITests.release.xcconfig */;
			buildSettings = {
				ALWAYS_EMBED_SWIFT_STANDARD_LIBRARIES = YES;
				CODE_SIGN_STYLE = Automatic;
				CURRENT_PROJECT_VERSION = 1;
				DEVELOPMENT_TEAM = 6ATC97KQPU;
				GENERATE_INFOPLIST_FILE = YES;
				MARKETING_VERSION = 1.0;
				PRODUCT_BUNDLE_IDENTIFIER = com.hotcode.bjjtrackerUITests;
				PRODUCT_NAME = "$(TARGET_NAME)";
				SUPPORTED_PLATFORMS = "iphoneos iphonesimulator";
				SUPPORTS_MACCATALYST = NO;
				SUPPORTS_MAC_DESIGNED_FOR_IPHONE_IPAD = YES;
				SWIFT_EMIT_LOC_STRINGS = NO;
				SWIFT_VERSION = 5.0;
				TARGETED_DEVICE_FAMILY = "1,2";
				TEST_TARGET_NAME = bjjtracker;
			};
			name = Release;
		};
/* End XCBuildConfiguration section */

/* Begin XCConfigurationList section */
		D060BA7529DDAD9A00E10562 /* Build configuration list for PBXProject "bjjtracker" */ = {
			isa = XCConfigurationList;
			buildConfigurations = (
				D060BAA229DDAD9C00E10562 /* Debug */,
				D060BAA329DDAD9C00E10562 /* Release */,
			);
			defaultConfigurationIsVisible = 0;
			defaultConfigurationName = Release;
		};
		D060BAA429DDAD9C00E10562 /* Build configuration list for PBXNativeTarget "bjjtracker" */ = {
			isa = XCConfigurationList;
			buildConfigurations = (
				D060BAA529DDAD9C00E10562 /* Debug */,
				D060BAA629DDAD9C00E10562 /* Release */,
			);
			defaultConfigurationIsVisible = 0;
			defaultConfigurationName = Release;
		};
		D060BAA729DDAD9C00E10562 /* Build configuration list for PBXNativeTarget "bjjtrackerTests" */ = {
			isa = XCConfigurationList;
			buildConfigurations = (
				D060BAA829DDAD9C00E10562 /* Debug */,
				D060BAA929DDAD9C00E10562 /* Release */,
			);
			defaultConfigurationIsVisible = 0;
			defaultConfigurationName = Release;
		};
		D060BAAA29DDAD9C00E10562 /* Build configuration list for PBXNativeTarget "bjjtrackerUITests" */ = {
			isa = XCConfigurationList;
			buildConfigurations = (
				D060BAAB29DDAD9C00E10562 /* Debug */,
				D060BAAC29DDAD9C00E10562 /* Release */,
			);
			defaultConfigurationIsVisible = 0;
			defaultConfigurationName = Release;
		};
/* End XCConfigurationList section */

/* Begin XCVersionGroup section */
		D060BA8829DDAD9C00E10562 /* bjjtracker.xcdatamodeld */ = {
			isa = XCVersionGroup;
			children = (
				D060BA8929DDAD9C00E10562 /* bjjtracker.xcdatamodel */,
			);
			currentVersion = D060BA8929DDAD9C00E10562 /* bjjtracker.xcdatamodel */;
			path = bjjtracker.xcdatamodeld;
			sourceTree = "<group>";
			versionGroupType = wrapper.xcdatamodel;
		};
/* End XCVersionGroup section */
	};
	rootObject = D060BA7229DDAD9A00E10562 /* Project object */;
}
